// !$*UTF8*$!
{
	archiveVersion = 1;
	classes = {
	};
	objectVersion = 56;
	objects = {

/* Begin PBXBuildFile section */
		076655582AA16D0B00DC6687 /* MainModel.swift in Sources */ = {isa = PBXBuildFile; fileRef = 076655572AA16D0B00DC6687 /* MainModel.swift */; };
		0766555A2AA22A1E00DC6687 /* DeviceManager.swift in Sources */ = {isa = PBXBuildFile; fileRef = 076655592AA22A1E00DC6687 /* DeviceManager.swift */; };
		07670B922AA7334000DE5113 /* MainViewModel.swift in Sources */ = {isa = PBXBuildFile; fileRef = 07670B912AA7334000DE5113 /* MainViewModel.swift */; };
		07D345EE2AA8716500B7329D /* SwipeViewModel.swift in Sources */ = {isa = PBXBuildFile; fileRef = 07D345E82AA8716500B7329D /* SwipeViewModel.swift */; };
		07D345EF2AA8716500B7329D /* GetHeightModifer.swift in Sources */ = {isa = PBXBuildFile; fileRef = 07D345E92AA8716500B7329D /* GetHeightModifer.swift */; };
		07D345F02AA8716500B7329D /* SwiftPracticeView2.swift in Sources */ = {isa = PBXBuildFile; fileRef = 07D345EA2AA8716500B7329D /* SwiftPracticeView2.swift */; };
		07D345F12AA8716500B7329D /* SwiftPracticeView1.swift in Sources */ = {isa = PBXBuildFile; fileRef = 07D345EB2AA8716500B7329D /* SwiftPracticeView1.swift */; };
		07D345F22AA8716500B7329D /* SwipeExampleView.swift in Sources */ = {isa = PBXBuildFile; fileRef = 07D345EC2AA8716500B7329D /* SwipeExampleView.swift */; };
		07D345F32AA8716500B7329D /* SwipeModel.swift in Sources */ = {isa = PBXBuildFile; fileRef = 07D345ED2AA8716500B7329D /* SwipeModel.swift */; };
		07D345F52AA871FA00B7329D /* SwipeFinalView.swift in Sources */ = {isa = PBXBuildFile; fileRef = 07D345F42AA871FA00B7329D /* SwipeFinalView.swift */; };
		29E8521F2AA08346003F4AF4 /* ToucherApp.swift in Sources */ = {isa = PBXBuildFile; fileRef = 29E8521E2AA08346003F4AF4 /* ToucherApp.swift */; };
		29E852212AA08346003F4AF4 /* ContentView.swift in Sources */ = {isa = PBXBuildFile; fileRef = 29E852202AA08346003F4AF4 /* ContentView.swift */; };
		29E852232AA08347003F4AF4 /* Assets.xcassets in Resources */ = {isa = PBXBuildFile; fileRef = 29E852222AA08347003F4AF4 /* Assets.xcassets */; };
		29E852262AA08347003F4AF4 /* Preview Assets.xcassets in Resources */ = {isa = PBXBuildFile; fileRef = 29E852252AA08347003F4AF4 /* Preview Assets.xcassets */; };
		29E852322AA08C16003F4AF4 /* FontExtension.swift in Sources */ = {isa = PBXBuildFile; fileRef = 29E852312AA08C16003F4AF4 /* FontExtension.swift */; };
		29E852342AA08C4E003F4AF4 /* ViewExtension.swift in Sources */ = {isa = PBXBuildFile; fileRef = 29E852332AA08C4E003F4AF4 /* ViewExtension.swift */; };
		29E852372AA08D34003F4AF4 /* MainView.swift in Sources */ = {isa = PBXBuildFile; fileRef = 29E852362AA08D34003F4AF4 /* MainView.swift */; };
		29EAB40C2AA17DAE004E5429 /* .swiftlint.yml in Resources */ = {isa = PBXBuildFile; fileRef = 29EAB40B2AA17DAE004E5429 /* .swiftlint.yml */; };
		29EAB40F2AA188DB004E5429 /* DoubleTapExampleView.swift in Sources */ = {isa = PBXBuildFile; fileRef = 29EAB40E2AA188DB004E5429 /* DoubleTapExampleView.swift */; };
		29EAB4112AA18B28004E5429 /* DoubleTapPracticeView1.swift in Sources */ = {isa = PBXBuildFile; fileRef = 29EAB4102AA18B28004E5429 /* DoubleTapPracticeView1.swift */; };
		29EAB4132AA19080004E5429 /* DoubleTapPracticeView2.swift in Sources */ = {isa = PBXBuildFile; fileRef = 29EAB4122AA19080004E5429 /* DoubleTapPracticeView2.swift */; };
		29EAB4152AA19116004E5429 /* DoubleTapFinalView.swift in Sources */ = {isa = PBXBuildFile; fileRef = 29EAB4142AA19116004E5429 /* DoubleTapFinalView.swift */; };
		29F1D5122AA75FE80074C1FE /* ToucherNavigationLink.swift in Sources */ = {isa = PBXBuildFile; fileRef = 29F1D5112AA75FE80074C1FE /* ToucherNavigationLink.swift */; };
		29F1D5142AA764270074C1FE /* HStackArrow.swift in Sources */ = {isa = PBXBuildFile; fileRef = 29F1D5132AA764270074C1FE /* HStackArrow.swift */; };
		29F1D5162AA765990074C1FE /* FinalView.swift in Sources */ = {isa = PBXBuildFile; fileRef = 29F1D5152AA765990074C1FE /* FinalView.swift */; };
		29F1D51A2AA775520074C1FE /* VStackArrow.swift in Sources */ = {isa = PBXBuildFile; fileRef = 29F1D5192AA775520074C1FE /* VStackArrow.swift */; };
/* End PBXBuildFile section */

/* Begin PBXFileReference section */
		076655572AA16D0B00DC6687 /* MainModel.swift */ = {isa = PBXFileReference; lastKnownFileType = sourcecode.swift; path = MainModel.swift; sourceTree = "<group>"; };
		076655592AA22A1E00DC6687 /* DeviceManager.swift */ = {isa = PBXFileReference; lastKnownFileType = sourcecode.swift; path = DeviceManager.swift; sourceTree = "<group>"; };
		07670B912AA7334000DE5113 /* MainViewModel.swift */ = {isa = PBXFileReference; lastKnownFileType = sourcecode.swift; path = MainViewModel.swift; sourceTree = "<group>"; };
		07D345E82AA8716500B7329D /* SwipeViewModel.swift */ = {isa = PBXFileReference; fileEncoding = 4; lastKnownFileType = sourcecode.swift; path = SwipeViewModel.swift; sourceTree = "<group>"; };
		07D345E92AA8716500B7329D /* GetHeightModifer.swift */ = {isa = PBXFileReference; fileEncoding = 4; lastKnownFileType = sourcecode.swift; path = GetHeightModifer.swift; sourceTree = "<group>"; };
		07D345EA2AA8716500B7329D /* SwiftPracticeView2.swift */ = {isa = PBXFileReference; fileEncoding = 4; lastKnownFileType = sourcecode.swift; path = SwiftPracticeView2.swift; sourceTree = "<group>"; };
		07D345EB2AA8716500B7329D /* SwiftPracticeView1.swift */ = {isa = PBXFileReference; fileEncoding = 4; lastKnownFileType = sourcecode.swift; path = SwiftPracticeView1.swift; sourceTree = "<group>"; };
		07D345EC2AA8716500B7329D /* SwipeExampleView.swift */ = {isa = PBXFileReference; fileEncoding = 4; lastKnownFileType = sourcecode.swift; path = SwipeExampleView.swift; sourceTree = "<group>"; };
		07D345ED2AA8716500B7329D /* SwipeModel.swift */ = {isa = PBXFileReference; fileEncoding = 4; lastKnownFileType = sourcecode.swift; path = SwipeModel.swift; sourceTree = "<group>"; };
		07D345F42AA871FA00B7329D /* SwipeFinalView.swift */ = {isa = PBXFileReference; lastKnownFileType = sourcecode.swift; path = SwipeFinalView.swift; sourceTree = "<group>"; };
		29E8521B2AA08346003F4AF4 /* Toucher.app */ = {isa = PBXFileReference; explicitFileType = wrapper.application; includeInIndex = 0; path = Toucher.app; sourceTree = BUILT_PRODUCTS_DIR; };
		29E8521E2AA08346003F4AF4 /* ToucherApp.swift */ = {isa = PBXFileReference; lastKnownFileType = sourcecode.swift; path = ToucherApp.swift; sourceTree = "<group>"; };
		29E852202AA08346003F4AF4 /* ContentView.swift */ = {isa = PBXFileReference; lastKnownFileType = sourcecode.swift; path = ContentView.swift; sourceTree = "<group>"; };
		29E852222AA08347003F4AF4 /* Assets.xcassets */ = {isa = PBXFileReference; lastKnownFileType = folder.assetcatalog; path = Assets.xcassets; sourceTree = "<group>"; };
		29E852252AA08347003F4AF4 /* Preview Assets.xcassets */ = {isa = PBXFileReference; lastKnownFileType = folder.assetcatalog; path = "Preview Assets.xcassets"; sourceTree = "<group>"; };
		29E852312AA08C16003F4AF4 /* FontExtension.swift */ = {isa = PBXFileReference; lastKnownFileType = sourcecode.swift; path = FontExtension.swift; sourceTree = "<group>"; };
		29E852332AA08C4E003F4AF4 /* ViewExtension.swift */ = {isa = PBXFileReference; lastKnownFileType = sourcecode.swift; path = ViewExtension.swift; sourceTree = "<group>"; };
		29E852362AA08D34003F4AF4 /* MainView.swift */ = {isa = PBXFileReference; lastKnownFileType = sourcecode.swift; path = MainView.swift; sourceTree = "<group>"; };
		29EAB40B2AA17DAE004E5429 /* .swiftlint.yml */ = {isa = PBXFileReference; lastKnownFileType = text.yaml; path = .swiftlint.yml; sourceTree = "<group>"; };
		29EAB40E2AA188DB004E5429 /* DoubleTapExampleView.swift */ = {isa = PBXFileReference; lastKnownFileType = sourcecode.swift; path = DoubleTapExampleView.swift; sourceTree = "<group>"; };
		29EAB4102AA18B28004E5429 /* DoubleTapPracticeView1.swift */ = {isa = PBXFileReference; lastKnownFileType = sourcecode.swift; path = DoubleTapPracticeView1.swift; sourceTree = "<group>"; };
		29EAB4122AA19080004E5429 /* DoubleTapPracticeView2.swift */ = {isa = PBXFileReference; lastKnownFileType = sourcecode.swift; path = DoubleTapPracticeView2.swift; sourceTree = "<group>"; };
		29EAB4142AA19116004E5429 /* DoubleTapFinalView.swift */ = {isa = PBXFileReference; lastKnownFileType = sourcecode.swift; path = DoubleTapFinalView.swift; sourceTree = "<group>"; };
		29F1D5112AA75FE80074C1FE /* ToucherNavigationLink.swift */ = {isa = PBXFileReference; lastKnownFileType = sourcecode.swift; name = ToucherNavigationLink.swift; path = Toucher/View/ToucherNavigationLink.swift; sourceTree = SOURCE_ROOT; };
		29F1D5132AA764270074C1FE /* HStackArrow.swift */ = {isa = PBXFileReference; lastKnownFileType = sourcecode.swift; name = HStackArrow.swift; path = Toucher/View/HStackArrow.swift; sourceTree = SOURCE_ROOT; };
		29F1D5152AA765990074C1FE /* FinalView.swift */ = {isa = PBXFileReference; lastKnownFileType = sourcecode.swift; name = FinalView.swift; path = Toucher/View/FinalView.swift; sourceTree = SOURCE_ROOT; };
		29F1D5192AA775520074C1FE /* VStackArrow.swift */ = {isa = PBXFileReference; lastKnownFileType = sourcecode.swift; name = VStackArrow.swift; path = Toucher/View/VStackArrow.swift; sourceTree = SOURCE_ROOT; };
/* End PBXFileReference section */

/* Begin PBXFrameworksBuildPhase section */
		29E852182AA08346003F4AF4 /* Frameworks */ = {
			isa = PBXFrameworksBuildPhase;
			buildActionMask = 2147483647;
			files = (
			);
			runOnlyForDeploymentPostprocessing = 0;
		};
/* End PBXFrameworksBuildPhase section */

/* Begin PBXGroup section */
		07670B932AA749D600DE5113 /* Component */ = {
			isa = PBXGroup;
			children = (
				07D345E92AA8716500B7329D /* GetHeightModifer.swift */,
				29F1D5132AA764270074C1FE /* HStackArrow.swift */,
				29F1D5192AA775520074C1FE /* VStackArrow.swift */,
				29F1D5112AA75FE80074C1FE /* ToucherNavigationLink.swift */,
				29F1D5152AA765990074C1FE /* FinalView.swift */,
			);
			path = Component;
			sourceTree = "<group>";
		};
		07670B942AA749E000DE5113 /* DeviceManager */ = {
			isa = PBXGroup;
			children = (
				076655592AA22A1E00DC6687 /* DeviceManager.swift */,
			);
			path = DeviceManager;
			sourceTree = "<group>";
		};
		07D345E72AA8714F00B7329D /* Swipe */ = {
			isa = PBXGroup;
			children = (
				07D345EB2AA8716500B7329D /* SwiftPracticeView1.swift */,
				07D345EA2AA8716500B7329D /* SwiftPracticeView2.swift */,
				07D345EC2AA8716500B7329D /* SwipeExampleView.swift */,
				07D345ED2AA8716500B7329D /* SwipeModel.swift */,
				07D345E82AA8716500B7329D /* SwipeViewModel.swift */,
				07D345F42AA871FA00B7329D /* SwipeFinalView.swift */,
			);
			path = Swipe;
			sourceTree = "<group>";
		};
		29E852122AA08346003F4AF4 = {
			isa = PBXGroup;
			children = (
				29EAB40B2AA17DAE004E5429 /* .swiftlint.yml */,
				29E8521D2AA08346003F4AF4 /* Toucher */,
				29E8521C2AA08346003F4AF4 /* Products */,
			);
			sourceTree = "<group>";
		};
		29E8521C2AA08346003F4AF4 /* Products */ = {
			isa = PBXGroup;
			children = (
				29E8521B2AA08346003F4AF4 /* Toucher.app */,
			);
			name = Products;
			sourceTree = "<group>";
		};
		29E8521D2AA08346003F4AF4 /* Toucher */ = {
			isa = PBXGroup;
			children = (
				29E852202AA08346003F4AF4 /* ContentView.swift */,
				29E8521E2AA08346003F4AF4 /* ToucherApp.swift */,
				07670B942AA749E000DE5113 /* DeviceManager */,
				07670B932AA749D600DE5113 /* Component */,
				29EAB4082AA1703A004E5429 /* Gesture */,
				29E852302AA08BF6003F4AF4 /* Extension */,
				29E852222AA08347003F4AF4 /* Assets.xcassets */,
				29E852242AA08347003F4AF4 /* Preview Content */,
			);
			path = Toucher;
			sourceTree = "<group>";
		};
		29E852242AA08347003F4AF4 /* Preview Content */ = {
			isa = PBXGroup;
			children = (
				29E852252AA08347003F4AF4 /* Preview Assets.xcassets */,
			);
			path = "Preview Content";
			sourceTree = "<group>";
		};
		29E852302AA08BF6003F4AF4 /* Extension */ = {
			isa = PBXGroup;
			children = (
				29E852312AA08C16003F4AF4 /* FontExtension.swift */,
				29E852332AA08C4E003F4AF4 /* ViewExtension.swift */,
			);
			path = Extension;
			sourceTree = "<group>";
		};
		29E852352AA08D25003F4AF4 /* Main */ = {
			isa = PBXGroup;
			children = (
				29E852362AA08D34003F4AF4 /* MainView.swift */,
				076655572AA16D0B00DC6687 /* MainModel.swift */,
				07670B912AA7334000DE5113 /* MainViewModel.swift */,
			);
			path = Main;
			sourceTree = "<group>";
		};
		29EAB4082AA1703A004E5429 /* Gesture */ = {
			isa = PBXGroup;
			children = (
				29EAB40D2AA188C4004E5429 /* DoubleTap */,
				07D345E72AA8714F00B7329D /* Swipe */,
				29E852352AA08D25003F4AF4 /* Main */,
			);
			path = Gesture;
			sourceTree = "<group>";
		};
		29EAB40D2AA188C4004E5429 /* DoubleTap */ = {
			isa = PBXGroup;
			children = (
				29EAB40E2AA188DB004E5429 /* DoubleTapExampleView.swift */,
				29EAB4102AA18B28004E5429 /* DoubleTapPracticeView1.swift */,
				29EAB4122AA19080004E5429 /* DoubleTapPracticeView2.swift */,
				29EAB4142AA19116004E5429 /* DoubleTapFinalView.swift */,
			);
			path = DoubleTap;
			sourceTree = "<group>";
		};
/* End PBXGroup section */

/* Begin PBXNativeTarget section */
		29E8521A2AA08346003F4AF4 /* Toucher */ = {
			isa = PBXNativeTarget;
			buildConfigurationList = 29E852292AA08347003F4AF4 /* Build configuration list for PBXNativeTarget "Toucher" */;
			buildPhases = (
				29EAB40A2AA17D2D004E5429 /* SwiftLint Script */,
				29E852172AA08346003F4AF4 /* Sources */,
				29E852182AA08346003F4AF4 /* Frameworks */,
				29E852192AA08346003F4AF4 /* Resources */,
			);
			buildRules = (
			);
			dependencies = (
			);
			name = Toucher;
			productName = Toucher;
			productReference = 29E8521B2AA08346003F4AF4 /* Toucher.app */;
			productType = "com.apple.product-type.application";
		};
/* End PBXNativeTarget section */

/* Begin PBXProject section */
		29E852132AA08346003F4AF4 /* Project object */ = {
			isa = PBXProject;
			attributes = {
				BuildIndependentTargetsInParallel = 1;
				LastSwiftUpdateCheck = 1430;
				LastUpgradeCheck = 1430;
				TargetAttributes = {
					29E8521A2AA08346003F4AF4 = {
						CreatedOnToolsVersion = 14.3.1;
					};
				};
			};
			buildConfigurationList = 29E852162AA08346003F4AF4 /* Build configuration list for PBXProject "Toucher" */;
			compatibilityVersion = "Xcode 14.0";
			developmentRegion = ko;
			hasScannedForEncodings = 0;
			knownRegions = (
				en,
				Base,
				ko,
			);
			mainGroup = 29E852122AA08346003F4AF4;
			productRefGroup = 29E8521C2AA08346003F4AF4 /* Products */;
			projectDirPath = "";
			projectRoot = "";
			targets = (
				29E8521A2AA08346003F4AF4 /* Toucher */,
			);
		};
/* End PBXProject section */

/* Begin PBXResourcesBuildPhase section */
		29E852192AA08346003F4AF4 /* Resources */ = {
			isa = PBXResourcesBuildPhase;
			buildActionMask = 2147483647;
			files = (
				29EAB40C2AA17DAE004E5429 /* .swiftlint.yml in Resources */,
				29E852262AA08347003F4AF4 /* Preview Assets.xcassets in Resources */,
				29E852232AA08347003F4AF4 /* Assets.xcassets in Resources */,
			);
			runOnlyForDeploymentPostprocessing = 0;
		};
/* End PBXResourcesBuildPhase section */

/* Begin PBXShellScriptBuildPhase section */
		29EAB40A2AA17D2D004E5429 /* SwiftLint Script */ = {
			isa = PBXShellScriptBuildPhase;
			buildActionMask = 2147483647;
			files = (
			);
			inputFileListPaths = (
			);
			inputPaths = (
			);
			name = "SwiftLint Script";
			outputFileListPaths = (
			);
			outputPaths = (
			);
			runOnlyForDeploymentPostprocessing = 0;
			shellPath = /bin/sh;
			shellScript = "export PATH=\"$PATH:/opt/homebrew/bin\"\nif which swiftlint > /dev/null; then\n  swiftlint\nelse\n  echo \"warning: SwiftLint not installed, download from https://github.com/realm/SwiftLint\"\nfi\n";
		};
/* End PBXShellScriptBuildPhase section */

/* Begin PBXSourcesBuildPhase section */
		29E852172AA08346003F4AF4 /* Sources */ = {
			isa = PBXSourcesBuildPhase;
			buildActionMask = 2147483647;
			files = (
				07D345EF2AA8716500B7329D /* GetHeightModifer.swift in Sources */,
				07D345F52AA871FA00B7329D /* SwipeFinalView.swift in Sources */,
				0766555A2AA22A1E00DC6687 /* DeviceManager.swift in Sources */,
				29E852322AA08C16003F4AF4 /* FontExtension.swift in Sources */,
				29E852212AA08346003F4AF4 /* ContentView.swift in Sources */,
				29F1D5142AA764270074C1FE /* HStackArrow.swift in Sources */,
				07D345EE2AA8716500B7329D /* SwipeViewModel.swift in Sources */,
				29E852342AA08C4E003F4AF4 /* ViewExtension.swift in Sources */,
				07D345F12AA8716500B7329D /* SwiftPracticeView1.swift in Sources */,
				29E852372AA08D34003F4AF4 /* MainView.swift in Sources */,
				29E8521F2AA08346003F4AF4 /* ToucherApp.swift in Sources */,
				29EAB40F2AA188DB004E5429 /* DoubleTapExampleView.swift in Sources */,
				29EAB4152AA19116004E5429 /* DoubleTapFinalView.swift in Sources */,
				29EAB4112AA18B28004E5429 /* DoubleTapPracticeView1.swift in Sources */,
				29EAB4132AA19080004E5429 /* DoubleTapPracticeView2.swift in Sources */,
				29F1D5122AA75FE80074C1FE /* ToucherNavigationLink.swift in Sources */,
				07D345F02AA8716500B7329D /* SwiftPracticeView2.swift in Sources */,
				07D345F22AA8716500B7329D /* SwipeExampleView.swift in Sources */,
				076655582AA16D0B00DC6687 /* MainModel.swift in Sources */,
				07670B922AA7334000DE5113 /* MainViewModel.swift in Sources */,
				29F1D5162AA765990074C1FE /* FinalView.swift in Sources */,
				07D345F32AA8716500B7329D /* SwipeModel.swift in Sources */,
				29F1D51A2AA775520074C1FE /* VStackArrow.swift in Sources */,
			);
			runOnlyForDeploymentPostprocessing = 0;
		};
/* End PBXSourcesBuildPhase section */

/* Begin XCBuildConfiguration section */
		29E852272AA08347003F4AF4 /* Debug */ = {
			isa = XCBuildConfiguration;
			buildSettings = {
				ALWAYS_SEARCH_USER_PATHS = NO;
				CLANG_ANALYZER_NONNULL = YES;
				CLANG_ANALYZER_NUMBER_OBJECT_CONVERSION = YES_AGGRESSIVE;
				CLANG_CXX_LANGUAGE_STANDARD = "gnu++20";
				CLANG_ENABLE_MODULES = YES;
				CLANG_ENABLE_OBJC_ARC = YES;
				CLANG_ENABLE_OBJC_WEAK = YES;
				CLANG_WARN_BLOCK_CAPTURE_AUTORELEASING = YES;
				CLANG_WARN_BOOL_CONVERSION = YES;
				CLANG_WARN_COMMA = YES;
				CLANG_WARN_CONSTANT_CONVERSION = YES;
				CLANG_WARN_DEPRECATED_OBJC_IMPLEMENTATIONS = YES;
				CLANG_WARN_DIRECT_OBJC_ISA_USAGE = YES_ERROR;
				CLANG_WARN_DOCUMENTATION_COMMENTS = YES;
				CLANG_WARN_EMPTY_BODY = YES;
				CLANG_WARN_ENUM_CONVERSION = YES;
				CLANG_WARN_INFINITE_RECURSION = YES;
				CLANG_WARN_INT_CONVERSION = YES;
				CLANG_WARN_NON_LITERAL_NULL_CONVERSION = YES;
				CLANG_WARN_OBJC_IMPLICIT_RETAIN_SELF = YES;
				CLANG_WARN_OBJC_LITERAL_CONVERSION = YES;
				CLANG_WARN_OBJC_ROOT_CLASS = YES_ERROR;
				CLANG_WARN_QUOTED_INCLUDE_IN_FRAMEWORK_HEADER = YES;
				CLANG_WARN_RANGE_LOOP_ANALYSIS = YES;
				CLANG_WARN_STRICT_PROTOTYPES = YES;
				CLANG_WARN_SUSPICIOUS_MOVE = YES;
				CLANG_WARN_UNGUARDED_AVAILABILITY = YES_AGGRESSIVE;
				CLANG_WARN_UNREACHABLE_CODE = YES;
				CLANG_WARN__DUPLICATE_METHOD_MATCH = YES;
				COPY_PHASE_STRIP = NO;
				DEBUG_INFORMATION_FORMAT = dwarf;
				ENABLE_STRICT_OBJC_MSGSEND = YES;
				ENABLE_TESTABILITY = YES;
				GCC_C_LANGUAGE_STANDARD = gnu11;
				GCC_DYNAMIC_NO_PIC = NO;
				GCC_NO_COMMON_BLOCKS = YES;
				GCC_OPTIMIZATION_LEVEL = 0;
				GCC_PREPROCESSOR_DEFINITIONS = (
					"DEBUG=1",
					"$(inherited)",
				);
				GCC_WARN_64_TO_32_BIT_CONVERSION = YES;
				GCC_WARN_ABOUT_RETURN_TYPE = YES_ERROR;
				GCC_WARN_UNDECLARED_SELECTOR = YES;
				GCC_WARN_UNINITIALIZED_AUTOS = YES_AGGRESSIVE;
				GCC_WARN_UNUSED_FUNCTION = YES;
				GCC_WARN_UNUSED_VARIABLE = YES;
				IPHONEOS_DEPLOYMENT_TARGET = 16.0;
				MTL_ENABLE_DEBUG_INFO = INCLUDE_SOURCE;
				MTL_FAST_MATH = YES;
				ONLY_ACTIVE_ARCH = YES;
				SDKROOT = iphoneos;
				SWIFT_ACTIVE_COMPILATION_CONDITIONS = DEBUG;
				SWIFT_OPTIMIZATION_LEVEL = "-Onone";
			};
			name = Debug;
		};
		29E852282AA08347003F4AF4 /* Release */ = {
			isa = XCBuildConfiguration;
			buildSettings = {
				ALWAYS_SEARCH_USER_PATHS = NO;
				CLANG_ANALYZER_NONNULL = YES;
				CLANG_ANALYZER_NUMBER_OBJECT_CONVERSION = YES_AGGRESSIVE;
				CLANG_CXX_LANGUAGE_STANDARD = "gnu++20";
				CLANG_ENABLE_MODULES = YES;
				CLANG_ENABLE_OBJC_ARC = YES;
				CLANG_ENABLE_OBJC_WEAK = YES;
				CLANG_WARN_BLOCK_CAPTURE_AUTORELEASING = YES;
				CLANG_WARN_BOOL_CONVERSION = YES;
				CLANG_WARN_COMMA = YES;
				CLANG_WARN_CONSTANT_CONVERSION = YES;
				CLANG_WARN_DEPRECATED_OBJC_IMPLEMENTATIONS = YES;
				CLANG_WARN_DIRECT_OBJC_ISA_USAGE = YES_ERROR;
				CLANG_WARN_DOCUMENTATION_COMMENTS = YES;
				CLANG_WARN_EMPTY_BODY = YES;
				CLANG_WARN_ENUM_CONVERSION = YES;
				CLANG_WARN_INFINITE_RECURSION = YES;
				CLANG_WARN_INT_CONVERSION = YES;
				CLANG_WARN_NON_LITERAL_NULL_CONVERSION = YES;
				CLANG_WARN_OBJC_IMPLICIT_RETAIN_SELF = YES;
				CLANG_WARN_OBJC_LITERAL_CONVERSION = YES;
				CLANG_WARN_OBJC_ROOT_CLASS = YES_ERROR;
				CLANG_WARN_QUOTED_INCLUDE_IN_FRAMEWORK_HEADER = YES;
				CLANG_WARN_RANGE_LOOP_ANALYSIS = YES;
				CLANG_WARN_STRICT_PROTOTYPES = YES;
				CLANG_WARN_SUSPICIOUS_MOVE = YES;
				CLANG_WARN_UNGUARDED_AVAILABILITY = YES_AGGRESSIVE;
				CLANG_WARN_UNREACHABLE_CODE = YES;
				CLANG_WARN__DUPLICATE_METHOD_MATCH = YES;
				COPY_PHASE_STRIP = NO;
				DEBUG_INFORMATION_FORMAT = "dwarf-with-dsym";
				ENABLE_NS_ASSERTIONS = NO;
				ENABLE_STRICT_OBJC_MSGSEND = YES;
				GCC_C_LANGUAGE_STANDARD = gnu11;
				GCC_NO_COMMON_BLOCKS = YES;
				GCC_WARN_64_TO_32_BIT_CONVERSION = YES;
				GCC_WARN_ABOUT_RETURN_TYPE = YES_ERROR;
				GCC_WARN_UNDECLARED_SELECTOR = YES;
				GCC_WARN_UNINITIALIZED_AUTOS = YES_AGGRESSIVE;
				GCC_WARN_UNUSED_FUNCTION = YES;
				GCC_WARN_UNUSED_VARIABLE = YES;
				IPHONEOS_DEPLOYMENT_TARGET = 16.0;
				MTL_ENABLE_DEBUG_INFO = NO;
				MTL_FAST_MATH = YES;
				SDKROOT = iphoneos;
				SWIFT_COMPILATION_MODE = wholemodule;
				SWIFT_OPTIMIZATION_LEVEL = "-O";
				VALIDATE_PRODUCT = YES;
			};
			name = Release;
		};
		29E8522A2AA08347003F4AF4 /* Debug */ = {
			isa = XCBuildConfiguration;
			buildSettings = {
				ASSETCATALOG_COMPILER_APPICON_NAME = AppIcon;
				ASSETCATALOG_COMPILER_GLOBAL_ACCENT_COLOR_NAME = AccentColor;
				CODE_SIGN_STYLE = Automatic;
				CURRENT_PROJECT_VERSION = 1;
				DEVELOPMENT_ASSET_PATHS = "\"Toucher/Preview Content\"";
				DEVELOPMENT_TEAM = WF2V4JB29M;
				ENABLE_PREVIEWS = YES;
				GENERATE_INFOPLIST_FILE = YES;
				INFOPLIST_KEY_LSApplicationCategoryType = "public.app-category.education";
				INFOPLIST_KEY_UIApplicationSceneManifest_Generation = YES;
				INFOPLIST_KEY_UIApplicationSupportsIndirectInputEvents = YES;
				INFOPLIST_KEY_UILaunchScreen_Generation = YES;
				INFOPLIST_KEY_UISupportedInterfaceOrientations = UIInterfaceOrientationPortrait;
				INFOPLIST_KEY_UISupportedInterfaceOrientations_iPad = "UIInterfaceOrientationLandscapeLeft UIInterfaceOrientationLandscapeRight UIInterfaceOrientationPortrait UIInterfaceOrientationPortraitUpsideDown";
				IPHONEOS_DEPLOYMENT_TARGET = 16.0;
				LD_RUNPATH_SEARCH_PATHS = (
					"$(inherited)",
					"@executable_path/Frameworks",
				);
				MARKETING_VERSION = 1.0;
				PRODUCT_BUNDLE_IDENTIFIER = com.ToucherTeam.Toucher;
				PRODUCT_NAME = "$(TARGET_NAME)";
				SUPPORTED_PLATFORMS = "iphoneos iphonesimulator";
				SUPPORTS_MACCATALYST = NO;
				SUPPORTS_MAC_DESIGNED_FOR_IPHONE_IPAD = NO;
				SWIFT_EMIT_LOC_STRINGS = YES;
				SWIFT_VERSION = 5.0;
				TARGETED_DEVICE_FAMILY = 1;
			};
			name = Debug;
		};
		29E8522B2AA08347003F4AF4 /* Release */ = {
			isa = XCBuildConfiguration;
			buildSettings = {
				ASSETCATALOG_COMPILER_APPICON_NAME = AppIcon;
				ASSETCATALOG_COMPILER_GLOBAL_ACCENT_COLOR_NAME = AccentColor;
				CODE_SIGN_STYLE = Automatic;
				CURRENT_PROJECT_VERSION = 1;
				DEVELOPMENT_ASSET_PATHS = "\"Toucher/Preview Content\"";
				DEVELOPMENT_TEAM = WF2V4JB29M;
				ENABLE_PREVIEWS = YES;
				GENERATE_INFOPLIST_FILE = YES;
				INFOPLIST_KEY_LSApplicationCategoryType = "public.app-category.education";
				INFOPLIST_KEY_UIApplicationSceneManifest_Generation = YES;
				INFOPLIST_KEY_UIApplicationSupportsIndirectInputEvents = YES;
				INFOPLIST_KEY_UILaunchScreen_Generation = YES;
				INFOPLIST_KEY_UISupportedInterfaceOrientations = UIInterfaceOrientationPortrait;
				INFOPLIST_KEY_UISupportedInterfaceOrientations_iPad = "UIInterfaceOrientationLandscapeLeft UIInterfaceOrientationLandscapeRight UIInterfaceOrientationPortrait UIInterfaceOrientationPortraitUpsideDown";
				IPHONEOS_DEPLOYMENT_TARGET = 16.0;
				LD_RUNPATH_SEARCH_PATHS = (
					"$(inherited)",
					"@executable_path/Frameworks",
				);
				MARKETING_VERSION = 1.0;
				PRODUCT_BUNDLE_IDENTIFIER = com.ToucherTeam.Toucher;
				PRODUCT_NAME = "$(TARGET_NAME)";
				SUPPORTED_PLATFORMS = "iphoneos iphonesimulator";
				SUPPORTS_MACCATALYST = NO;
				SUPPORTS_MAC_DESIGNED_FOR_IPHONE_IPAD = NO;
				SWIFT_EMIT_LOC_STRINGS = YES;
				SWIFT_VERSION = 5.0;
				TARGETED_DEVICE_FAMILY = 1;
			};
			name = Release;
		};
/* End XCBuildConfiguration section */

/* Begin XCConfigurationList section */
		29E852162AA08346003F4AF4 /* Build configuration list for PBXProject "Toucher" */ = {
			isa = XCConfigurationList;
			buildConfigurations = (
				29E852272AA08347003F4AF4 /* Debug */,
				29E852282AA08347003F4AF4 /* Release */,
			);
			defaultConfigurationIsVisible = 0;
			defaultConfigurationName = Release;
		};
		29E852292AA08347003F4AF4 /* Build configuration list for PBXNativeTarget "Toucher" */ = {
			isa = XCConfigurationList;
			buildConfigurations = (
				29E8522A2AA08347003F4AF4 /* Debug */,
				29E8522B2AA08347003F4AF4 /* Release */,
			);
			defaultConfigurationIsVisible = 0;
			defaultConfigurationName = Release;
		};
/* End XCConfigurationList section */
	};
	rootObject = 29E852132AA08346003F4AF4 /* Project object */;
}
