// !$*UTF8*$!
{
	archiveVersion = 1;
	classes = {
	};
	objectVersion = 56;
	objects = {

/* Begin PBXBuildFile section */
		0766555A2AA22A1E00DC6687 /* DeviceManager.swift in Sources */ = {isa = PBXBuildFile; fileRef = 076655592AA22A1E00DC6687 /* DeviceManager.swift */; };
		07791D402AAACDAA0024C04F /* PanChildSizeReader.swift in Sources */ = {isa = PBXBuildFile; fileRef = 07791D3F2AAACDAA0024C04F /* PanChildSizeReader.swift */; };
		07791D422AAAF4840024C04F /* PanModel.swift in Sources */ = {isa = PBXBuildFile; fileRef = 07791D412AAAF4840024C04F /* PanModel.swift */; };
		07D345EE2AA8716500B7329D /* SwipeViewModel.swift in Sources */ = {isa = PBXBuildFile; fileRef = 07D345E82AA8716500B7329D /* SwipeViewModel.swift */; };
		07D345F02AA8716500B7329D /* SwipeMessageView.swift in Sources */ = {isa = PBXBuildFile; fileRef = 07D345EA2AA8716500B7329D /* SwipeMessageView.swift */; };
		07D345F12AA8716500B7329D /* SwipeListView.swift in Sources */ = {isa = PBXBuildFile; fileRef = 07D345EB2AA8716500B7329D /* SwipeListView.swift */; };
		07D345F22AA8716500B7329D /* SwipeCarouselView.swift in Sources */ = {isa = PBXBuildFile; fileRef = 07D345EC2AA8716500B7329D /* SwipeCarouselView.swift */; };
		07D345F32AA8716500B7329D /* SwipeModel.swift in Sources */ = {isa = PBXBuildFile; fileRef = 07D345ED2AA8716500B7329D /* SwipeModel.swift */; };
		292181BE2B26C597002E5AAA /* DoubleTapButton.swift in Sources */ = {isa = PBXBuildFile; fileRef = 292181BD2B26C597002E5AAA /* DoubleTapButton.swift */; };
		292181C02B26C686002E5AAA /* LongPressButton.swift in Sources */ = {isa = PBXBuildFile; fileRef = 292181BF2B26C686002E5AAA /* LongPressButton.swift */; };
		292B88DE2B5661AE002F17E6 /* Localizable.xcstrings in Resources */ = {isa = PBXBuildFile; fileRef = 292B88DD2B5661AE002F17E6 /* Localizable.xcstrings */; };
		292B88E22B566E10002F17E6 /* Icons.xcassets in Resources */ = {isa = PBXBuildFile; fileRef = 292B88E12B566E10002F17E6 /* Icons.xcassets */; };
		29481BD22B6FD21B00BC0D92 /* GoogleService-Info.plist in Resources */ = {isa = PBXBuildFile; fileRef = 29481BD12B6FD21B00BC0D92 /* GoogleService-Info.plist */; };
		295A06212B26EE01004CAF1C /* HapticManager.swift in Sources */ = {isa = PBXBuildFile; fileRef = 295A06202B26EE01004CAF1C /* HapticManager.swift */; };
		295A06232B2708CB004CAF1C /* RotateMap.swift in Sources */ = {isa = PBXBuildFile; fileRef = 295A06222B2708CB004CAF1C /* RotateMap.swift */; };
		295A06252B271B56004CAF1C /* NavigationManager.swift in Sources */ = {isa = PBXBuildFile; fileRef = 295A06242B271B56004CAF1C /* NavigationManager.swift */; };
		2978053F2B47F2010019D138 /* DoubleTapViewModel.swift in Sources */ = {isa = PBXBuildFile; fileRef = 2978053E2B47F2010019D138 /* DoubleTapViewModel.swift */; };
		297805412B47F4770019D138 /* DragViewModel.swift in Sources */ = {isa = PBXBuildFile; fileRef = 297805402B47F4770019D138 /* DragViewModel.swift */; };
		297805432B47F7A30019D138 /* PinchViewModel.swift in Sources */ = {isa = PBXBuildFile; fileRef = 297805422B47F7A30019D138 /* PinchViewModel.swift */; };
		297805452B481C490019D138 /* RotateViewModel.swift in Sources */ = {isa = PBXBuildFile; fileRef = 297805442B481C490019D138 /* RotateViewModel.swift */; };
		29AD872C2AA85C7C006E846E /* PinchIconZoomOutView.swift in Sources */ = {isa = PBXBuildFile; fileRef = 29AD872B2AA85C7C006E846E /* PinchIconZoomOutView.swift */; };
		29AD872F2AA86C8E006E846E /* RotateIconView.swift in Sources */ = {isa = PBXBuildFile; fileRef = 29AD872E2AA86C8E006E846E /* RotateIconView.swift */; };
		29AD87312AA87527006E846E /* RotateMapView.swift in Sources */ = {isa = PBXBuildFile; fileRef = 29AD87302AA87527006E846E /* RotateMapView.swift */; };
		29B9BB8B2B16B7250042DE19 /* ConfettiShapes.swift in Sources */ = {isa = PBXBuildFile; fileRef = 29B9BB882B16B7250042DE19 /* ConfettiShapes.swift */; };
		29B9BB8C2B16B7250042DE19 /* ConfettiView.swift in Sources */ = {isa = PBXBuildFile; fileRef = 29B9BB892B16B7250042DE19 /* ConfettiView.swift */; };
		29B9BB8D2B16B7250042DE19 /* Confetti.swift in Sources */ = {isa = PBXBuildFile; fileRef = 29B9BB8A2B16B7250042DE19 /* Confetti.swift */; };
		29BCA2E42B5021AB009D6DEF /* FirebaseAnalytics in Frameworks */ = {isa = PBXBuildFile; productRef = 29BCA2E32B5021AB009D6DEF /* FirebaseAnalytics */; };
		29BCA2E62B5021AB009D6DEF /* FirebaseAnalyticsOnDeviceConversion in Frameworks */ = {isa = PBXBuildFile; productRef = 29BCA2E52B5021AB009D6DEF /* FirebaseAnalyticsOnDeviceConversion */; };
		29BCA2E82B5021AB009D6DEF /* FirebaseAnalyticsSwift in Frameworks */ = {isa = PBXBuildFile; productRef = 29BCA2E72B5021AB009D6DEF /* FirebaseAnalyticsSwift */; };
		29BCA2F02B5021AB009D6DEF /* FirebaseAuth in Frameworks */ = {isa = PBXBuildFile; productRef = 29BCA2EF2B5021AB009D6DEF /* FirebaseAuth */; };
		29BCA2F22B5021AB009D6DEF /* FirebaseAuthCombine-Community in Frameworks */ = {isa = PBXBuildFile; productRef = 29BCA2F12B5021AB009D6DEF /* FirebaseAuthCombine-Community */; };
		29BCA2F42B5021AB009D6DEF /* FirebaseCrashlytics in Frameworks */ = {isa = PBXBuildFile; productRef = 29BCA2F32B5021AB009D6DEF /* FirebaseCrashlytics */; };
		29BCA2F62B5021AB009D6DEF /* FirebaseDatabase in Frameworks */ = {isa = PBXBuildFile; productRef = 29BCA2F52B5021AB009D6DEF /* FirebaseDatabase */; };
		29BCA2F82B5021AB009D6DEF /* FirebaseDatabaseSwift in Frameworks */ = {isa = PBXBuildFile; productRef = 29BCA2F72B5021AB009D6DEF /* FirebaseDatabaseSwift */; };
		29BCA2FC2B5021AB009D6DEF /* FirebaseFirestore in Frameworks */ = {isa = PBXBuildFile; productRef = 29BCA2FB2B5021AB009D6DEF /* FirebaseFirestore */; };
		29BCA2FE2B5021AB009D6DEF /* FirebaseFirestoreCombine-Community in Frameworks */ = {isa = PBXBuildFile; productRef = 29BCA2FD2B5021AB009D6DEF /* FirebaseFirestoreCombine-Community */; };
		29BCA3002B5021AB009D6DEF /* FirebaseFirestoreSwift in Frameworks */ = {isa = PBXBuildFile; productRef = 29BCA2FF2B5021AB009D6DEF /* FirebaseFirestoreSwift */; };
		29BCA3162B5021AB009D6DEF /* FirebaseStorage in Frameworks */ = {isa = PBXBuildFile; productRef = 29BCA3152B5021AB009D6DEF /* FirebaseStorage */; };
		29BCA3182B5021AB009D6DEF /* FirebaseStorageCombine-Community in Frameworks */ = {isa = PBXBuildFile; productRef = 29BCA3172B5021AB009D6DEF /* FirebaseStorageCombine-Community */; };
		29D2BA982B70DA00008B65E8 /* FirestoreManager.swift in Sources */ = {isa = PBXBuildFile; fileRef = 29D2BA972B70DA00008B65E8 /* FirestoreManager.swift */; };
		29D2BA9A2B711734008B65E8 /* AppDelegate.swift in Sources */ = {isa = PBXBuildFile; fileRef = 29D2BA992B711734008B65E8 /* AppDelegate.swift */; };
		29D2BA9C2B7117AE008B65E8 /* SceneDelegate.swift in Sources */ = {isa = PBXBuildFile; fileRef = 29D2BA9B2B7117AE008B65E8 /* SceneDelegate.swift */; };
		29D51B762B259EE600A6923E /* MainView.swift in Sources */ = {isa = PBXBuildFile; fileRef = 29D51B752B259EE600A6923E /* MainView.swift */; };
		29D51B782B25A29300A6923E /* MainViewModel.swift in Sources */ = {isa = PBXBuildFile; fileRef = 29D51B772B25A29300A6923E /* MainViewModel.swift */; };
		29D51B7C2B25A38A00A6923E /* MainModel.swift in Sources */ = {isa = PBXBuildFile; fileRef = 29D51B7B2B25A38A00A6923E /* MainModel.swift */; };
		29D51B7E2B25A6AB00A6923E /* MainViewHeader.swift in Sources */ = {isa = PBXBuildFile; fileRef = 29D51B7D2B25A6AB00A6923E /* MainViewHeader.swift */; };
		29D51B812B25BF6100A6923E /* FinishMainView.swift in Sources */ = {isa = PBXBuildFile; fileRef = 29D51B802B25BF6100A6923E /* FinishMainView.swift */; };
		29D51B832B25BF9B00A6923E /* FinishMainViewModel.swift in Sources */ = {isa = PBXBuildFile; fileRef = 29D51B822B25BF9B00A6923E /* FinishMainViewModel.swift */; };
		29D51B852B25D1BC00A6923E /* PracticeBubble.swift in Sources */ = {isa = PBXBuildFile; fileRef = 29D51B842B25D1BC00A6923E /* PracticeBubble.swift */; };
		29D51B872B25D5C300A6923E /* FinishMainButton.swift in Sources */ = {isa = PBXBuildFile; fileRef = 29D51B862B25D5C300A6923E /* FinishMainButton.swift */; };
		29E8521F2AA08346003F4AF4 /* ToucherApp.swift in Sources */ = {isa = PBXBuildFile; fileRef = 29E8521E2AA08346003F4AF4 /* ToucherApp.swift */; };
		29E852212AA08346003F4AF4 /* ContentView.swift in Sources */ = {isa = PBXBuildFile; fileRef = 29E852202AA08346003F4AF4 /* ContentView.swift */; };
		29E852232AA08347003F4AF4 /* Assets.xcassets in Resources */ = {isa = PBXBuildFile; fileRef = 29E852222AA08347003F4AF4 /* Assets.xcassets */; };
		29E852262AA08347003F4AF4 /* Preview Assets.xcassets in Resources */ = {isa = PBXBuildFile; fileRef = 29E852252AA08347003F4AF4 /* Preview Assets.xcassets */; };
		29E852322AA08C16003F4AF4 /* FontExtension.swift in Sources */ = {isa = PBXBuildFile; fileRef = 29E852312AA08C16003F4AF4 /* FontExtension.swift */; };
		29EAB40C2AA17DAE004E5429 /* .swiftlint.yml in Resources */ = {isa = PBXBuildFile; fileRef = 29EAB40B2AA17DAE004E5429 /* .swiftlint.yml */; };
		29EAB40F2AA188DB004E5429 /* DoubleTapButtonView.swift in Sources */ = {isa = PBXBuildFile; fileRef = 29EAB40E2AA188DB004E5429 /* DoubleTapButtonView.swift */; };
		29EAB4112AA18B28004E5429 /* DoubleTapSearchBarView.swift in Sources */ = {isa = PBXBuildFile; fileRef = 29EAB4102AA18B28004E5429 /* DoubleTapSearchBarView.swift */; };
		29EAB4132AA19080004E5429 /* DoubleTapImageView.swift in Sources */ = {isa = PBXBuildFile; fileRef = 29EAB4122AA19080004E5429 /* DoubleTapImageView.swift */; };
		29EAB41E2AA62D41004E5429 /* LongTapButtonView.swift in Sources */ = {isa = PBXBuildFile; fileRef = 29EAB41D2AA62D41004E5429 /* LongTapButtonView.swift */; };
		29EAB4202AA62EC2004E5429 /* LongTapCameraButtonView.swift in Sources */ = {isa = PBXBuildFile; fileRef = 29EAB41F2AA62EC2004E5429 /* LongTapCameraButtonView.swift */; };
		29EAB4222AA62ECD004E5429 /* LongTapAlbumPhotoView.swift in Sources */ = {isa = PBXBuildFile; fileRef = 29EAB4212AA62ECD004E5429 /* LongTapAlbumPhotoView.swift */; };
		29EAB4272AA63368004E5429 /* DragIconView.swift in Sources */ = {isa = PBXBuildFile; fileRef = 29EAB4262AA63368004E5429 /* DragIconView.swift */; };
		29EAB4292AA635CB004E5429 /* DragProgressBarView.swift in Sources */ = {isa = PBXBuildFile; fileRef = 29EAB4282AA635CB004E5429 /* DragProgressBarView.swift */; };
		29EAB42B2AA635D9004E5429 /* DragAppIconView.swift in Sources */ = {isa = PBXBuildFile; fileRef = 29EAB42A2AA635D9004E5429 /* DragAppIconView.swift */; };
		29EF99972AA8A2CA00637F7A /* PanNotificationView.swift in Sources */ = {isa = PBXBuildFile; fileRef = 29EF99962AA8A2CA00637F7A /* PanNotificationView.swift */; };
		29EF99992AA8A2D400637F7A /* PanMapView.swift in Sources */ = {isa = PBXBuildFile; fileRef = 29EF99982AA8A2D400637F7A /* PanMapView.swift */; };
		29F1D51D2AA83AE70074C1FE /* PinchIconZoomInView.swift in Sources */ = {isa = PBXBuildFile; fileRef = 29F1D51C2AA83AE70074C1FE /* PinchIconZoomInView.swift */; };
		29F1D51F2AA84E240074C1FE /* PinchImageView.swift in Sources */ = {isa = PBXBuildFile; fileRef = 29F1D51E2AA84E240074C1FE /* PinchImageView.swift */; };
		321F51642B5C2B1F0066CB17 /* GuideView.swift in Sources */ = {isa = PBXBuildFile; fileRef = 321F51632B5C2B1F0066CB17 /* GuideView.swift */; };
		321F51662B5E54480066CB17 /* URLManager.swift in Sources */ = {isa = PBXBuildFile; fileRef = 321F51652B5E54480066CB17 /* URLManager.swift */; };
		3266082E2B31E5EB006A58B8 /* LaunchScreenView.swift in Sources */ = {isa = PBXBuildFile; fileRef = 3266082D2B31E5EB006A58B8 /* LaunchScreenView.swift */; };
		326608302B31E78E006A58B8 /* OnboardingView.swift in Sources */ = {isa = PBXBuildFile; fileRef = 3266082F2B31E78E006A58B8 /* OnboardingView.swift */; };
		326608322B31EC01006A58B8 /* TapButton.swift in Sources */ = {isa = PBXBuildFile; fileRef = 326608312B31EC01006A58B8 /* TapButton.swift */; };
		3288A8322B483DAC00A95A26 /* PanViewModel.swift in Sources */ = {isa = PBXBuildFile; fileRef = 3288A8312B483DAC00A95A26 /* PanViewModel.swift */; };
		32A178412B25E35B007A3CAB /* CustomToolbar.swift in Sources */ = {isa = PBXBuildFile; fileRef = 32A178402B25E35B007A3CAB /* CustomToolbar.swift */; };
		32EC3F5A2B2F898F0017F9E0 /* PanMap.swift in Sources */ = {isa = PBXBuildFile; fileRef = 32EC3F592B2F898F0017F9E0 /* PanMap.swift */; };
		F06CACF02B468C610024E366 /* Arrows.swift in Sources */ = {isa = PBXBuildFile; fileRef = F06CACEF2B468C610024E366 /* Arrows.swift */; };
		F06CACF32B4693960024E366 /* LongTapViewModel.swift in Sources */ = {isa = PBXBuildFile; fileRef = F06CACF22B4693960024E366 /* LongTapViewModel.swift */; };
		F06CACF62B4696900024E366 /* MoveToNextModifier.swift in Sources */ = {isa = PBXBuildFile; fileRef = F06CACF52B4696900024E366 /* MoveToNextModifier.swift */; };
		F06CACF82B4696D90024E366 /* FinishModifier.swift in Sources */ = {isa = PBXBuildFile; fileRef = F06CACF72B4696D90024E366 /* FinishModifier.swift */; };
		F0ED9B3E2B15F23B00E8D5C9 /* Colors.xcassets in Resources */ = {isa = PBXBuildFile; fileRef = F0ED9B3D2B15F23B00E8D5C9 /* Colors.xcassets */; };
		F0ED9B422B15F45000E8D5C9 /* HelpButton.swift in Sources */ = {isa = PBXBuildFile; fileRef = F0ED9B412B15F45000E8D5C9 /* HelpButton.swift */; };
		F0ED9B472B15FD3500E8D5C9 /* Buttons.xcassets in Resources */ = {isa = PBXBuildFile; fileRef = F0ED9B462B15FD3500E8D5C9 /* Buttons.xcassets */; };
		F0ED9B4B2B160ED800E8D5C9 /* MainButton.swift in Sources */ = {isa = PBXBuildFile; fileRef = F0ED9B4A2B160ED800E8D5C9 /* MainButton.swift */; };
/* End PBXBuildFile section */

/* Begin PBXFileReference section */
		076655592AA22A1E00DC6687 /* DeviceManager.swift */ = {isa = PBXFileReference; lastKnownFileType = sourcecode.swift; path = DeviceManager.swift; sourceTree = "<group>"; };
		07791D3F2AAACDAA0024C04F /* PanChildSizeReader.swift */ = {isa = PBXFileReference; lastKnownFileType = sourcecode.swift; path = PanChildSizeReader.swift; sourceTree = "<group>"; };
		07791D412AAAF4840024C04F /* PanModel.swift */ = {isa = PBXFileReference; lastKnownFileType = sourcecode.swift; path = PanModel.swift; sourceTree = "<group>"; };
		07D345E82AA8716500B7329D /* SwipeViewModel.swift */ = {isa = PBXFileReference; fileEncoding = 4; lastKnownFileType = sourcecode.swift; path = SwipeViewModel.swift; sourceTree = "<group>"; };
		07D345EA2AA8716500B7329D /* SwipeMessageView.swift */ = {isa = PBXFileReference; fileEncoding = 4; lastKnownFileType = sourcecode.swift; path = SwipeMessageView.swift; sourceTree = "<group>"; };
		07D345EB2AA8716500B7329D /* SwipeListView.swift */ = {isa = PBXFileReference; fileEncoding = 4; lastKnownFileType = sourcecode.swift; path = SwipeListView.swift; sourceTree = "<group>"; };
		07D345EC2AA8716500B7329D /* SwipeCarouselView.swift */ = {isa = PBXFileReference; fileEncoding = 4; lastKnownFileType = sourcecode.swift; path = SwipeCarouselView.swift; sourceTree = "<group>"; };
		07D345ED2AA8716500B7329D /* SwipeModel.swift */ = {isa = PBXFileReference; fileEncoding = 4; lastKnownFileType = sourcecode.swift; path = SwipeModel.swift; sourceTree = "<group>"; };
		292181BD2B26C597002E5AAA /* DoubleTapButton.swift */ = {isa = PBXFileReference; lastKnownFileType = sourcecode.swift; path = DoubleTapButton.swift; sourceTree = "<group>"; };
		292181BF2B26C686002E5AAA /* LongPressButton.swift */ = {isa = PBXFileReference; lastKnownFileType = sourcecode.swift; path = LongPressButton.swift; sourceTree = "<group>"; };
		292B88DD2B5661AE002F17E6 /* Localizable.xcstrings */ = {isa = PBXFileReference; fileEncoding = 4; lastKnownFileType = text.json.xcstrings; path = Localizable.xcstrings; sourceTree = "<group>"; };
		292B88E12B566E10002F17E6 /* Icons.xcassets */ = {isa = PBXFileReference; lastKnownFileType = folder.assetcatalog; path = Icons.xcassets; sourceTree = "<group>"; };
		29481BD12B6FD21B00BC0D92 /* GoogleService-Info.plist */ = {isa = PBXFileReference; fileEncoding = 4; lastKnownFileType = text.plist.xml; path = "GoogleService-Info.plist"; sourceTree = "<group>"; };
		295A06202B26EE01004CAF1C /* HapticManager.swift */ = {isa = PBXFileReference; lastKnownFileType = sourcecode.swift; path = HapticManager.swift; sourceTree = "<group>"; };
		295A06222B2708CB004CAF1C /* RotateMap.swift */ = {isa = PBXFileReference; lastKnownFileType = sourcecode.swift; path = RotateMap.swift; sourceTree = "<group>"; };
		295A06242B271B56004CAF1C /* NavigationManager.swift */ = {isa = PBXFileReference; lastKnownFileType = sourcecode.swift; path = NavigationManager.swift; sourceTree = "<group>"; };
		2978053E2B47F2010019D138 /* DoubleTapViewModel.swift */ = {isa = PBXFileReference; lastKnownFileType = sourcecode.swift; path = DoubleTapViewModel.swift; sourceTree = "<group>"; };
		297805402B47F4770019D138 /* DragViewModel.swift */ = {isa = PBXFileReference; lastKnownFileType = sourcecode.swift; path = DragViewModel.swift; sourceTree = "<group>"; };
		297805422B47F7A30019D138 /* PinchViewModel.swift */ = {isa = PBXFileReference; lastKnownFileType = sourcecode.swift; path = PinchViewModel.swift; sourceTree = "<group>"; };
		297805442B481C490019D138 /* RotateViewModel.swift */ = {isa = PBXFileReference; lastKnownFileType = sourcecode.swift; path = RotateViewModel.swift; sourceTree = "<group>"; };
		29AD872B2AA85C7C006E846E /* PinchIconZoomOutView.swift */ = {isa = PBXFileReference; lastKnownFileType = sourcecode.swift; path = PinchIconZoomOutView.swift; sourceTree = "<group>"; };
		29AD872E2AA86C8E006E846E /* RotateIconView.swift */ = {isa = PBXFileReference; lastKnownFileType = sourcecode.swift; path = RotateIconView.swift; sourceTree = "<group>"; };
		29AD87302AA87527006E846E /* RotateMapView.swift */ = {isa = PBXFileReference; lastKnownFileType = sourcecode.swift; path = RotateMapView.swift; sourceTree = "<group>"; };
		29B9BB882B16B7250042DE19 /* ConfettiShapes.swift */ = {isa = PBXFileReference; fileEncoding = 4; lastKnownFileType = sourcecode.swift; path = ConfettiShapes.swift; sourceTree = "<group>"; };
		29B9BB892B16B7250042DE19 /* ConfettiView.swift */ = {isa = PBXFileReference; fileEncoding = 4; lastKnownFileType = sourcecode.swift; path = ConfettiView.swift; sourceTree = "<group>"; };
		29B9BB8A2B16B7250042DE19 /* Confetti.swift */ = {isa = PBXFileReference; fileEncoding = 4; lastKnownFileType = sourcecode.swift; path = Confetti.swift; sourceTree = "<group>"; };
		29D2BA972B70DA00008B65E8 /* FirestoreManager.swift */ = {isa = PBXFileReference; lastKnownFileType = sourcecode.swift; path = FirestoreManager.swift; sourceTree = "<group>"; };
		29D2BA992B711734008B65E8 /* AppDelegate.swift */ = {isa = PBXFileReference; lastKnownFileType = sourcecode.swift; path = AppDelegate.swift; sourceTree = "<group>"; };
		29D2BA9B2B7117AE008B65E8 /* SceneDelegate.swift */ = {isa = PBXFileReference; lastKnownFileType = sourcecode.swift; path = SceneDelegate.swift; sourceTree = "<group>"; };
		29D51B752B259EE600A6923E /* MainView.swift */ = {isa = PBXFileReference; lastKnownFileType = sourcecode.swift; path = MainView.swift; sourceTree = "<group>"; };
		29D51B772B25A29300A6923E /* MainViewModel.swift */ = {isa = PBXFileReference; lastKnownFileType = sourcecode.swift; path = MainViewModel.swift; sourceTree = "<group>"; };
		29D51B7B2B25A38A00A6923E /* MainModel.swift */ = {isa = PBXFileReference; lastKnownFileType = sourcecode.swift; path = MainModel.swift; sourceTree = "<group>"; };
		29D51B7D2B25A6AB00A6923E /* MainViewHeader.swift */ = {isa = PBXFileReference; lastKnownFileType = sourcecode.swift; path = MainViewHeader.swift; sourceTree = "<group>"; };
		29D51B802B25BF6100A6923E /* FinishMainView.swift */ = {isa = PBXFileReference; lastKnownFileType = sourcecode.swift; path = FinishMainView.swift; sourceTree = "<group>"; };
		29D51B822B25BF9B00A6923E /* FinishMainViewModel.swift */ = {isa = PBXFileReference; lastKnownFileType = sourcecode.swift; path = FinishMainViewModel.swift; sourceTree = "<group>"; };
		29D51B842B25D1BC00A6923E /* PracticeBubble.swift */ = {isa = PBXFileReference; lastKnownFileType = sourcecode.swift; path = PracticeBubble.swift; sourceTree = "<group>"; };
		29D51B862B25D5C300A6923E /* FinishMainButton.swift */ = {isa = PBXFileReference; lastKnownFileType = sourcecode.swift; path = FinishMainButton.swift; sourceTree = "<group>"; };
		29E8521B2AA08346003F4AF4 /* Toucher.app */ = {isa = PBXFileReference; explicitFileType = wrapper.application; includeInIndex = 0; path = Toucher.app; sourceTree = BUILT_PRODUCTS_DIR; };
		29E8521E2AA08346003F4AF4 /* ToucherApp.swift */ = {isa = PBXFileReference; lastKnownFileType = sourcecode.swift; path = ToucherApp.swift; sourceTree = "<group>"; };
		29E852202AA08346003F4AF4 /* ContentView.swift */ = {isa = PBXFileReference; lastKnownFileType = sourcecode.swift; path = ContentView.swift; sourceTree = "<group>"; };
		29E852222AA08347003F4AF4 /* Assets.xcassets */ = {isa = PBXFileReference; lastKnownFileType = folder.assetcatalog; path = Assets.xcassets; sourceTree = "<group>"; };
		29E852252AA08347003F4AF4 /* Preview Assets.xcassets */ = {isa = PBXFileReference; lastKnownFileType = folder.assetcatalog; path = "Preview Assets.xcassets"; sourceTree = "<group>"; };
		29E852312AA08C16003F4AF4 /* FontExtension.swift */ = {isa = PBXFileReference; lastKnownFileType = sourcecode.swift; path = FontExtension.swift; sourceTree = "<group>"; };
		29EAB40B2AA17DAE004E5429 /* .swiftlint.yml */ = {isa = PBXFileReference; lastKnownFileType = text.yaml; path = .swiftlint.yml; sourceTree = "<group>"; };
		29EAB40E2AA188DB004E5429 /* DoubleTapButtonView.swift */ = {isa = PBXFileReference; lastKnownFileType = sourcecode.swift; path = DoubleTapButtonView.swift; sourceTree = "<group>"; };
		29EAB4102AA18B28004E5429 /* DoubleTapSearchBarView.swift */ = {isa = PBXFileReference; lastKnownFileType = sourcecode.swift; path = DoubleTapSearchBarView.swift; sourceTree = "<group>"; };
		29EAB4122AA19080004E5429 /* DoubleTapImageView.swift */ = {isa = PBXFileReference; lastKnownFileType = sourcecode.swift; path = DoubleTapImageView.swift; sourceTree = "<group>"; };
		29EAB41D2AA62D41004E5429 /* LongTapButtonView.swift */ = {isa = PBXFileReference; lastKnownFileType = sourcecode.swift; path = LongTapButtonView.swift; sourceTree = "<group>"; };
		29EAB41F2AA62EC2004E5429 /* LongTapCameraButtonView.swift */ = {isa = PBXFileReference; lastKnownFileType = sourcecode.swift; path = LongTapCameraButtonView.swift; sourceTree = "<group>"; };
		29EAB4212AA62ECD004E5429 /* LongTapAlbumPhotoView.swift */ = {isa = PBXFileReference; lastKnownFileType = sourcecode.swift; path = LongTapAlbumPhotoView.swift; sourceTree = "<group>"; };
		29EAB4262AA63368004E5429 /* DragIconView.swift */ = {isa = PBXFileReference; lastKnownFileType = sourcecode.swift; path = DragIconView.swift; sourceTree = "<group>"; };
		29EAB4282AA635CB004E5429 /* DragProgressBarView.swift */ = {isa = PBXFileReference; lastKnownFileType = sourcecode.swift; path = DragProgressBarView.swift; sourceTree = "<group>"; };
		29EAB42A2AA635D9004E5429 /* DragAppIconView.swift */ = {isa = PBXFileReference; lastKnownFileType = sourcecode.swift; path = DragAppIconView.swift; sourceTree = "<group>"; };
		29EF99962AA8A2CA00637F7A /* PanNotificationView.swift */ = {isa = PBXFileReference; lastKnownFileType = sourcecode.swift; path = PanNotificationView.swift; sourceTree = "<group>"; };
		29EF99982AA8A2D400637F7A /* PanMapView.swift */ = {isa = PBXFileReference; lastKnownFileType = sourcecode.swift; path = PanMapView.swift; sourceTree = "<group>"; };
		29F1D51C2AA83AE70074C1FE /* PinchIconZoomInView.swift */ = {isa = PBXFileReference; lastKnownFileType = sourcecode.swift; path = PinchIconZoomInView.swift; sourceTree = "<group>"; };
		29F1D51E2AA84E240074C1FE /* PinchImageView.swift */ = {isa = PBXFileReference; lastKnownFileType = sourcecode.swift; path = PinchImageView.swift; sourceTree = "<group>"; };
		321F51632B5C2B1F0066CB17 /* GuideView.swift */ = {isa = PBXFileReference; lastKnownFileType = sourcecode.swift; path = GuideView.swift; sourceTree = "<group>"; };
		321F51652B5E54480066CB17 /* URLManager.swift */ = {isa = PBXFileReference; lastKnownFileType = sourcecode.swift; path = URLManager.swift; sourceTree = "<group>"; };
		3266082D2B31E5EB006A58B8 /* LaunchScreenView.swift */ = {isa = PBXFileReference; lastKnownFileType = sourcecode.swift; path = LaunchScreenView.swift; sourceTree = "<group>"; };
		3266082F2B31E78E006A58B8 /* OnboardingView.swift */ = {isa = PBXFileReference; lastKnownFileType = sourcecode.swift; path = OnboardingView.swift; sourceTree = "<group>"; };
		326608312B31EC01006A58B8 /* TapButton.swift */ = {isa = PBXFileReference; lastKnownFileType = sourcecode.swift; path = TapButton.swift; sourceTree = "<group>"; };
		3288A8312B483DAC00A95A26 /* PanViewModel.swift */ = {isa = PBXFileReference; lastKnownFileType = sourcecode.swift; path = PanViewModel.swift; sourceTree = "<group>"; };
		32A178402B25E35B007A3CAB /* CustomToolbar.swift */ = {isa = PBXFileReference; lastKnownFileType = sourcecode.swift; path = CustomToolbar.swift; sourceTree = "<group>"; };
		32EC3F592B2F898F0017F9E0 /* PanMap.swift */ = {isa = PBXFileReference; lastKnownFileType = sourcecode.swift; path = PanMap.swift; sourceTree = "<group>"; };
		F06CACEF2B468C610024E366 /* Arrows.swift */ = {isa = PBXFileReference; lastKnownFileType = sourcecode.swift; path = Arrows.swift; sourceTree = "<group>"; };
		F06CACF22B4693960024E366 /* LongTapViewModel.swift */ = {isa = PBXFileReference; lastKnownFileType = sourcecode.swift; path = LongTapViewModel.swift; sourceTree = "<group>"; };
		F06CACF52B4696900024E366 /* MoveToNextModifier.swift */ = {isa = PBXFileReference; lastKnownFileType = sourcecode.swift; path = MoveToNextModifier.swift; sourceTree = "<group>"; };
		F06CACF72B4696D90024E366 /* FinishModifier.swift */ = {isa = PBXFileReference; lastKnownFileType = sourcecode.swift; path = FinishModifier.swift; sourceTree = "<group>"; };
		F0ED9B3D2B15F23B00E8D5C9 /* Colors.xcassets */ = {isa = PBXFileReference; lastKnownFileType = folder.assetcatalog; path = Colors.xcassets; sourceTree = "<group>"; };
		F0ED9B412B15F45000E8D5C9 /* HelpButton.swift */ = {isa = PBXFileReference; lastKnownFileType = sourcecode.swift; path = HelpButton.swift; sourceTree = "<group>"; };
		F0ED9B462B15FD3500E8D5C9 /* Buttons.xcassets */ = {isa = PBXFileReference; lastKnownFileType = folder.assetcatalog; path = Buttons.xcassets; sourceTree = "<group>"; };
		F0ED9B4A2B160ED800E8D5C9 /* MainButton.swift */ = {isa = PBXFileReference; lastKnownFileType = sourcecode.swift; path = MainButton.swift; sourceTree = "<group>"; };
/* End PBXFileReference section */

/* Begin PBXFrameworksBuildPhase section */
		29E852182AA08346003F4AF4 /* Frameworks */ = {
			isa = PBXFrameworksBuildPhase;
			buildActionMask = 2147483647;
			files = (
				29BCA2F62B5021AB009D6DEF /* FirebaseDatabase in Frameworks */,
				29BCA2FC2B5021AB009D6DEF /* FirebaseFirestore in Frameworks */,
				29BCA2E82B5021AB009D6DEF /* FirebaseAnalyticsSwift in Frameworks */,
				29BCA2E42B5021AB009D6DEF /* FirebaseAnalytics in Frameworks */,
				29BCA2E62B5021AB009D6DEF /* FirebaseAnalyticsOnDeviceConversion in Frameworks */,
				29BCA3002B5021AB009D6DEF /* FirebaseFirestoreSwift in Frameworks */,
				29BCA2F02B5021AB009D6DEF /* FirebaseAuth in Frameworks */,
				29BCA2F42B5021AB009D6DEF /* FirebaseCrashlytics in Frameworks */,
				29BCA2F82B5021AB009D6DEF /* FirebaseDatabaseSwift in Frameworks */,
				29BCA3182B5021AB009D6DEF /* FirebaseStorageCombine-Community in Frameworks */,
				29BCA2F22B5021AB009D6DEF /* FirebaseAuthCombine-Community in Frameworks */,
				29BCA3162B5021AB009D6DEF /* FirebaseStorage in Frameworks */,
				29BCA2FE2B5021AB009D6DEF /* FirebaseFirestoreCombine-Community in Frameworks */,
			);
			runOnlyForDeploymentPostprocessing = 0;
		};
/* End PBXFrameworksBuildPhase section */

/* Begin PBXGroup section */
		07670B932AA749D600DE5113 /* Component */ = {
			isa = PBXGroup;
			children = (
				32A1783F2B25E350007A3CAB /* Header */,
				29B9BB872B16B7250042DE19 /* Confetti */,
				F0ED9B452B15FCA400E8D5C9 /* Buttons */,
				F06CACF12B468F470024E366 /* Arrow */,
				29D51B842B25D1BC00A6923E /* PracticeBubble.swift */,
			);
			path = Component;
			sourceTree = "<group>";
		};
		07D345E72AA8714F00B7329D /* Swipe */ = {
			isa = PBXGroup;
			children = (
				07D345EC2AA8716500B7329D /* SwipeCarouselView.swift */,
				07D345EB2AA8716500B7329D /* SwipeListView.swift */,
				07D345EA2AA8716500B7329D /* SwipeMessageView.swift */,
				07D345ED2AA8716500B7329D /* SwipeModel.swift */,
				07D345E82AA8716500B7329D /* SwipeViewModel.swift */,
			);
			path = Swipe;
			sourceTree = "<group>";
		};
		295A061F2B26ED6B004CAF1C /* Manager */ = {
			isa = PBXGroup;
			children = (
				29D2BA972B70DA00008B65E8 /* FirestoreManager.swift */,
				295A06202B26EE01004CAF1C /* HapticManager.swift */,
				076655592AA22A1E00DC6687 /* DeviceManager.swift */,
				295A06242B271B56004CAF1C /* NavigationManager.swift */,
				321F51652B5E54480066CB17 /* URLManager.swift */,
			);
			path = Manager;
			sourceTree = "<group>";
		};
		29AD872D2AA86C7E006E846E /* Rotate */ = {
			isa = PBXGroup;
			children = (
				29AD872E2AA86C8E006E846E /* RotateIconView.swift */,
				29AD87302AA87527006E846E /* RotateMapView.swift */,
				295A06222B2708CB004CAF1C /* RotateMap.swift */,
				297805442B481C490019D138 /* RotateViewModel.swift */,
			);
			path = Rotate;
			sourceTree = "<group>";
		};
		29B9BB872B16B7250042DE19 /* Confetti */ = {
			isa = PBXGroup;
			children = (
				29B9BB892B16B7250042DE19 /* ConfettiView.swift */,
				29B9BB882B16B7250042DE19 /* ConfettiShapes.swift */,
				29B9BB8A2B16B7250042DE19 /* Confetti.swift */,
			);
			path = Confetti;
			sourceTree = "<group>";
		};
		29D51B7F2B25BF5000A6923E /* FinishMain */ = {
			isa = PBXGroup;
			children = (
				29D51B802B25BF6100A6923E /* FinishMainView.swift */,
				29D51B822B25BF9B00A6923E /* FinishMainViewModel.swift */,
			);
			path = FinishMain;
			sourceTree = "<group>";
		};
		29E1E4722AA9B04D00D45713 /* LongTap */ = {
			isa = PBXGroup;
			children = (
				29EAB41D2AA62D41004E5429 /* LongTapButtonView.swift */,
				29EAB41F2AA62EC2004E5429 /* LongTapCameraButtonView.swift */,
				29EAB4212AA62ECD004E5429 /* LongTapAlbumPhotoView.swift */,
				F06CACF22B4693960024E366 /* LongTapViewModel.swift */,
			);
			path = LongTap;
			sourceTree = "<group>";
		};
		29E852122AA08346003F4AF4 = {
			isa = PBXGroup;
			children = (
				292B88DD2B5661AE002F17E6 /* Localizable.xcstrings */,
				29481BD12B6FD21B00BC0D92 /* GoogleService-Info.plist */,
				29EAB40B2AA17DAE004E5429 /* .swiftlint.yml */,
				29E8521D2AA08346003F4AF4 /* Toucher */,
				29E8521C2AA08346003F4AF4 /* Products */,
			);
			sourceTree = "<group>";
		};
		29E8521C2AA08346003F4AF4 /* Products */ = {
			isa = PBXGroup;
			children = (
				29E8521B2AA08346003F4AF4 /* Toucher.app */,
			);
			name = Products;
			sourceTree = "<group>";
		};
		29E8521D2AA08346003F4AF4 /* Toucher */ = {
			isa = PBXGroup;
			children = (
				29E8521E2AA08346003F4AF4 /* ToucherApp.swift */,
				29D2BA992B711734008B65E8 /* AppDelegate.swift */,
				29D2BA9B2B7117AE008B65E8 /* SceneDelegate.swift */,
				F06CACED2B4689FD0024E366 /* View */,
				07670B932AA749D600DE5113 /* Component */,
				295A061F2B26ED6B004CAF1C /* Manager */,
				29E852302AA08BF6003F4AF4 /* Extension */,
				F06CACF42B4696490024E366 /* Modifier */,
				F06CACE42B46871C0024E366 /* Assets */,
				29E852242AA08347003F4AF4 /* Preview Content */,
			);
			path = Toucher;
			sourceTree = "<group>";
		};
		29E852242AA08347003F4AF4 /* Preview Content */ = {
			isa = PBXGroup;
			children = (
				29E852252AA08347003F4AF4 /* Preview Assets.xcassets */,
			);
			path = "Preview Content";
			sourceTree = "<group>";
		};
		29E852302AA08BF6003F4AF4 /* Extension */ = {
			isa = PBXGroup;
			children = (
				29E852312AA08C16003F4AF4 /* FontExtension.swift */,
			);
			path = Extension;
			sourceTree = "<group>";
		};
		29E852352AA08D25003F4AF4 /* Main */ = {
			isa = PBXGroup;
			children = (
				29D51B752B259EE600A6923E /* MainView.swift */,
				29D51B7B2B25A38A00A6923E /* MainModel.swift */,
				29D51B772B25A29300A6923E /* MainViewModel.swift */,
				29D51B7F2B25BF5000A6923E /* FinishMain */,
			);
			path = Main;
			sourceTree = "<group>";
		};
		29EAB4082AA1703A004E5429 /* GestureView */ = {
			isa = PBXGroup;
			children = (
				29E852352AA08D25003F4AF4 /* Main */,
				29EAB40D2AA188C4004E5429 /* DoubleTap */,
				29E1E4722AA9B04D00D45713 /* LongTap */,
				07D345E72AA8714F00B7329D /* Swipe */,
				29EAB4252AA63359004E5429 /* Drag */,
				29EF99952AA8A2BE00637F7A /* Pan */,
				29F1D51B2AA83ADA0074C1FE /* Pinch */,
				29AD872D2AA86C7E006E846E /* Rotate */,
			);
			path = GestureView;
			sourceTree = "<group>";
		};
		29EAB40D2AA188C4004E5429 /* DoubleTap */ = {
			isa = PBXGroup;
			children = (
				29EAB40E2AA188DB004E5429 /* DoubleTapButtonView.swift */,
				29EAB4102AA18B28004E5429 /* DoubleTapSearchBarView.swift */,
				29EAB4122AA19080004E5429 /* DoubleTapImageView.swift */,
				2978053E2B47F2010019D138 /* DoubleTapViewModel.swift */,
			);
			path = DoubleTap;
			sourceTree = "<group>";
		};
		29EAB4252AA63359004E5429 /* Drag */ = {
			isa = PBXGroup;
			children = (
				29EAB4262AA63368004E5429 /* DragIconView.swift */,
				29EAB4282AA635CB004E5429 /* DragProgressBarView.swift */,
				29EAB42A2AA635D9004E5429 /* DragAppIconView.swift */,
				297805402B47F4770019D138 /* DragViewModel.swift */,
			);
			path = Drag;
			sourceTree = "<group>";
		};
		29EF99952AA8A2BE00637F7A /* Pan */ = {
			isa = PBXGroup;
			children = (
				29EF99962AA8A2CA00637F7A /* PanNotificationView.swift */,
				29EF99982AA8A2D400637F7A /* PanMapView.swift */,
				07791D3F2AAACDAA0024C04F /* PanChildSizeReader.swift */,
				32EC3F592B2F898F0017F9E0 /* PanMap.swift */,
				07791D412AAAF4840024C04F /* PanModel.swift */,
				3288A8312B483DAC00A95A26 /* PanViewModel.swift */,
			);
			path = Pan;
			sourceTree = "<group>";
		};
		29F1D51B2AA83ADA0074C1FE /* Pinch */ = {
			isa = PBXGroup;
			children = (
				29F1D51C2AA83AE70074C1FE /* PinchIconZoomInView.swift */,
				29AD872B2AA85C7C006E846E /* PinchIconZoomOutView.swift */,
				29F1D51E2AA84E240074C1FE /* PinchImageView.swift */,
				297805422B47F7A30019D138 /* PinchViewModel.swift */,
			);
			path = Pinch;
			sourceTree = "<group>";
		};
		32A1783F2B25E350007A3CAB /* Header */ = {
			isa = PBXGroup;
			children = (
				32A178402B25E35B007A3CAB /* CustomToolbar.swift */,
				29D51B7D2B25A6AB00A6923E /* MainViewHeader.swift */,
			);
			path = Header;
			sourceTree = "<group>";
		};
		F06CACE42B46871C0024E366 /* Assets */ = {
			isa = PBXGroup;
			children = (
				29E852222AA08347003F4AF4 /* Assets.xcassets */,
				292B88E12B566E10002F17E6 /* Icons.xcassets */,
				F0ED9B3D2B15F23B00E8D5C9 /* Colors.xcassets */,
				F0ED9B462B15FD3500E8D5C9 /* Buttons.xcassets */,
			);
			path = Assets;
			sourceTree = "<group>";
		};
		F06CACED2B4689FD0024E366 /* View */ = {
			isa = PBXGroup;
			children = (
				3266082D2B31E5EB006A58B8 /* LaunchScreenView.swift */,
				3266082F2B31E78E006A58B8 /* OnboardingView.swift */,
				29E852202AA08346003F4AF4 /* ContentView.swift */,
				321F51632B5C2B1F0066CB17 /* GuideView.swift */,
				29EAB4082AA1703A004E5429 /* GestureView */,
			);
			path = View;
			sourceTree = "<group>";
		};
		F06CACF12B468F470024E366 /* Arrow */ = {
			isa = PBXGroup;
			children = (
				F06CACEF2B468C610024E366 /* Arrows.swift */,
			);
			path = Arrow;
			sourceTree = "<group>";
		};
		F06CACF42B4696490024E366 /* Modifier */ = {
			isa = PBXGroup;
			children = (
				F06CACF52B4696900024E366 /* MoveToNextModifier.swift */,
				F06CACF72B4696D90024E366 /* FinishModifier.swift */,
			);
			path = Modifier;
			sourceTree = "<group>";
		};
		F0ED9B452B15FCA400E8D5C9 /* Buttons */ = {
			isa = PBXGroup;
			children = (
				F0ED9B412B15F45000E8D5C9 /* HelpButton.swift */,
				F0ED9B4A2B160ED800E8D5C9 /* MainButton.swift */,
				29D51B862B25D5C300A6923E /* FinishMainButton.swift */,
				292181BD2B26C597002E5AAA /* DoubleTapButton.swift */,
				292181BF2B26C686002E5AAA /* LongPressButton.swift */,
				326608312B31EC01006A58B8 /* TapButton.swift */,
			);
			path = Buttons;
			sourceTree = "<group>";
		};
/* End PBXGroup section */

/* Begin PBXNativeTarget section */
		29E8521A2AA08346003F4AF4 /* Toucher */ = {
			isa = PBXNativeTarget;
			buildConfigurationList = 29E852292AA08347003F4AF4 /* Build configuration list for PBXNativeTarget "Toucher" */;
			buildPhases = (
				29EAB40A2AA17D2D004E5429 /* SwiftLint Script */,
				29E852172AA08346003F4AF4 /* Sources */,
				29E852182AA08346003F4AF4 /* Frameworks */,
				29E852192AA08346003F4AF4 /* Resources */,
			);
			buildRules = (
			);
			dependencies = (
			);
			name = Toucher;
			packageProductDependencies = (
				29BCA2E32B5021AB009D6DEF /* FirebaseAnalytics */,
				29BCA2E52B5021AB009D6DEF /* FirebaseAnalyticsOnDeviceConversion */,
				29BCA2E72B5021AB009D6DEF /* FirebaseAnalyticsSwift */,
				29BCA2EF2B5021AB009D6DEF /* FirebaseAuth */,
				29BCA2F12B5021AB009D6DEF /* FirebaseAuthCombine-Community */,
				29BCA2F32B5021AB009D6DEF /* FirebaseCrashlytics */,
				29BCA2F52B5021AB009D6DEF /* FirebaseDatabase */,
				29BCA2F72B5021AB009D6DEF /* FirebaseDatabaseSwift */,
				29BCA2FB2B5021AB009D6DEF /* FirebaseFirestore */,
				29BCA2FD2B5021AB009D6DEF /* FirebaseFirestoreCombine-Community */,
				29BCA2FF2B5021AB009D6DEF /* FirebaseFirestoreSwift */,
				29BCA3152B5021AB009D6DEF /* FirebaseStorage */,
				29BCA3172B5021AB009D6DEF /* FirebaseStorageCombine-Community */,
			);
			productName = Toucher;
			productReference = 29E8521B2AA08346003F4AF4 /* Toucher.app */;
			productType = "com.apple.product-type.application";
		};
/* End PBXNativeTarget section */

/* Begin PBXProject section */
		29E852132AA08346003F4AF4 /* Project object */ = {
			isa = PBXProject;
			attributes = {
				BuildIndependentTargetsInParallel = 1;
				LastSwiftUpdateCheck = 1430;
				LastUpgradeCheck = 1520;
				TargetAttributes = {
					29E8521A2AA08346003F4AF4 = {
						CreatedOnToolsVersion = 14.3.1;
					};
				};
			};
			buildConfigurationList = 29E852162AA08346003F4AF4 /* Build configuration list for PBXProject "Toucher" */;
			compatibilityVersion = "Xcode 14.0";
			developmentRegion = ko;
			hasScannedForEncodings = 0;
			knownRegions = (
				en,
				Base,
				ko,
			);
			mainGroup = 29E852122AA08346003F4AF4;
			packageReferences = (
				29BCA2E22B5021AB009D6DEF /* XCRemoteSwiftPackageReference "firebase-ios-sdk" */,
			);
			productRefGroup = 29E8521C2AA08346003F4AF4 /* Products */;
			projectDirPath = "";
			projectRoot = "";
			targets = (
				29E8521A2AA08346003F4AF4 /* Toucher */,
			);
		};
/* End PBXProject section */

/* Begin PBXResourcesBuildPhase section */
		29E852192AA08346003F4AF4 /* Resources */ = {
			isa = PBXResourcesBuildPhase;
			buildActionMask = 2147483647;
			files = (
				292B88DE2B5661AE002F17E6 /* Localizable.xcstrings in Resources */,
				29481BD22B6FD21B00BC0D92 /* GoogleService-Info.plist in Resources */,
				29EAB40C2AA17DAE004E5429 /* .swiftlint.yml in Resources */,
				292B88E22B566E10002F17E6 /* Icons.xcassets in Resources */,
				F0ED9B3E2B15F23B00E8D5C9 /* Colors.xcassets in Resources */,
				29E852262AA08347003F4AF4 /* Preview Assets.xcassets in Resources */,
				F0ED9B472B15FD3500E8D5C9 /* Buttons.xcassets in Resources */,
				29E852232AA08347003F4AF4 /* Assets.xcassets in Resources */,
			);
			runOnlyForDeploymentPostprocessing = 0;
		};
/* End PBXResourcesBuildPhase section */

/* Begin PBXShellScriptBuildPhase section */
		29EAB40A2AA17D2D004E5429 /* SwiftLint Script */ = {
			isa = PBXShellScriptBuildPhase;
			alwaysOutOfDate = 1;
			buildActionMask = 2147483647;
			files = (
			);
			inputFileListPaths = (
			);
			inputPaths = (
			);
			name = "SwiftLint Script";
			outputFileListPaths = (
			);
			outputPaths = (
			);
			runOnlyForDeploymentPostprocessing = 0;
			shellPath = /bin/sh;
			shellScript = "export PATH=\"$PATH:/opt/homebrew/bin\"\nif which swiftlint > /dev/null; then\n  swiftlint\nelse\n  echo \"warning: SwiftLint not installed, download from https://github.com/realm/SwiftLint\"\nfi\n";
		};
/* End PBXShellScriptBuildPhase section */

/* Begin PBXSourcesBuildPhase section */
		29E852172AA08346003F4AF4 /* Sources */ = {
			isa = PBXSourcesBuildPhase;
			buildActionMask = 2147483647;
			files = (
				F0ED9B422B15F45000E8D5C9 /* HelpButton.swift in Sources */,
				321F51662B5E54480066CB17 /* URLManager.swift in Sources */,
				07791D402AAACDAA0024C04F /* PanChildSizeReader.swift in Sources */,
				295A06232B2708CB004CAF1C /* RotateMap.swift in Sources */,
				29D51B852B25D1BC00A6923E /* PracticeBubble.swift in Sources */,
				29F1D51F2AA84E240074C1FE /* PinchImageView.swift in Sources */,
				29EAB42B2AA635D9004E5429 /* DragAppIconView.swift in Sources */,
				F0ED9B4B2B160ED800E8D5C9 /* MainButton.swift in Sources */,
				0766555A2AA22A1E00DC6687 /* DeviceManager.swift in Sources */,
				29AD872C2AA85C7C006E846E /* PinchIconZoomOutView.swift in Sources */,
				292181BE2B26C597002E5AAA /* DoubleTapButton.swift in Sources */,
				F06CACF32B4693960024E366 /* LongTapViewModel.swift in Sources */,
				32A178412B25E35B007A3CAB /* CustomToolbar.swift in Sources */,
				29E852322AA08C16003F4AF4 /* FontExtension.swift in Sources */,
				29EAB4292AA635CB004E5429 /* DragProgressBarView.swift in Sources */,
				29D51B7C2B25A38A00A6923E /* MainModel.swift in Sources */,
				29D51B832B25BF9B00A6923E /* FinishMainViewModel.swift in Sources */,
				29D2BA982B70DA00008B65E8 /* FirestoreManager.swift in Sources */,
				29E852212AA08346003F4AF4 /* ContentView.swift in Sources */,
				29EAB4272AA63368004E5429 /* DragIconView.swift in Sources */,
				29EAB4222AA62ECD004E5429 /* LongTapAlbumPhotoView.swift in Sources */,
				29D51B7E2B25A6AB00A6923E /* MainViewHeader.swift in Sources */,
				3288A8322B483DAC00A95A26 /* PanViewModel.swift in Sources */,
				29EAB4202AA62EC2004E5429 /* LongTapCameraButtonView.swift in Sources */,
				29D51B782B25A29300A6923E /* MainViewModel.swift in Sources */,
				297805452B481C490019D138 /* RotateViewModel.swift in Sources */,
				29EAB41E2AA62D41004E5429 /* LongTapButtonView.swift in Sources */,
				29D51B812B25BF6100A6923E /* FinishMainView.swift in Sources */,
				07D345EE2AA8716500B7329D /* SwipeViewModel.swift in Sources */,
				295A06252B271B56004CAF1C /* NavigationManager.swift in Sources */,
				29D51B762B259EE600A6923E /* MainView.swift in Sources */,
				29EF99992AA8A2D400637F7A /* PanMapView.swift in Sources */,
				29F1D51D2AA83AE70074C1FE /* PinchIconZoomInView.swift in Sources */,
				07D345F12AA8716500B7329D /* SwipeListView.swift in Sources */,
				29EF99972AA8A2CA00637F7A /* PanNotificationView.swift in Sources */,
				29AD872F2AA86C8E006E846E /* RotateIconView.swift in Sources */,
				297805432B47F7A30019D138 /* PinchViewModel.swift in Sources */,
				326608322B31EC01006A58B8 /* TapButton.swift in Sources */,
				F06CACF62B4696900024E366 /* MoveToNextModifier.swift in Sources */,
				29D2BA9A2B711734008B65E8 /* AppDelegate.swift in Sources */,
				3266082E2B31E5EB006A58B8 /* LaunchScreenView.swift in Sources */,
				29E8521F2AA08346003F4AF4 /* ToucherApp.swift in Sources */,
				29B9BB8C2B16B7250042DE19 /* ConfettiView.swift in Sources */,
				2978053F2B47F2010019D138 /* DoubleTapViewModel.swift in Sources */,
				326608302B31E78E006A58B8 /* OnboardingView.swift in Sources */,
				29EAB40F2AA188DB004E5429 /* DoubleTapButtonView.swift in Sources */,
				32EC3F5A2B2F898F0017F9E0 /* PanMap.swift in Sources */,
				29D51B872B25D5C300A6923E /* FinishMainButton.swift in Sources */,
				29B9BB8B2B16B7250042DE19 /* ConfettiShapes.swift in Sources */,
				29EAB4112AA18B28004E5429 /* DoubleTapSearchBarView.swift in Sources */,
				295A06212B26EE01004CAF1C /* HapticManager.swift in Sources */,
				29EAB4132AA19080004E5429 /* DoubleTapImageView.swift in Sources */,
				321F51642B5C2B1F0066CB17 /* GuideView.swift in Sources */,
				29B9BB8D2B16B7250042DE19 /* Confetti.swift in Sources */,
				07791D422AAAF4840024C04F /* PanModel.swift in Sources */,
				29D2BA9C2B7117AE008B65E8 /* SceneDelegate.swift in Sources */,
				29AD87312AA87527006E846E /* RotateMapView.swift in Sources */,
				F06CACF02B468C610024E366 /* Arrows.swift in Sources */,
				F06CACF82B4696D90024E366 /* FinishModifier.swift in Sources */,
				07D345F02AA8716500B7329D /* SwipeMessageView.swift in Sources */,
				297805412B47F4770019D138 /* DragViewModel.swift in Sources */,
				07D345F22AA8716500B7329D /* SwipeCarouselView.swift in Sources */,
				07D345F32AA8716500B7329D /* SwipeModel.swift in Sources */,
				292181C02B26C686002E5AAA /* LongPressButton.swift in Sources */,
			);
			runOnlyForDeploymentPostprocessing = 0;
		};
/* End PBXSourcesBuildPhase section */

/* Begin XCBuildConfiguration section */
		29E852272AA08347003F4AF4 /* Debug */ = {
			isa = XCBuildConfiguration;
			buildSettings = {
				ALWAYS_SEARCH_USER_PATHS = NO;
				ASSETCATALOG_COMPILER_GENERATE_SWIFT_ASSET_SYMBOL_EXTENSIONS = YES;
				CLANG_ANALYZER_LOCALIZABILITY_NONLOCALIZED = YES;
				CLANG_ANALYZER_NONNULL = YES;
				CLANG_ANALYZER_NUMBER_OBJECT_CONVERSION = YES_AGGRESSIVE;
				CLANG_CXX_LANGUAGE_STANDARD = "gnu++20";
				CLANG_ENABLE_MODULES = YES;
				CLANG_ENABLE_OBJC_ARC = YES;
				CLANG_ENABLE_OBJC_WEAK = YES;
				CLANG_WARN_BLOCK_CAPTURE_AUTORELEASING = YES;
				CLANG_WARN_BOOL_CONVERSION = YES;
				CLANG_WARN_COMMA = YES;
				CLANG_WARN_CONSTANT_CONVERSION = YES;
				CLANG_WARN_DEPRECATED_OBJC_IMPLEMENTATIONS = YES;
				CLANG_WARN_DIRECT_OBJC_ISA_USAGE = YES_ERROR;
				CLANG_WARN_DOCUMENTATION_COMMENTS = YES;
				CLANG_WARN_EMPTY_BODY = YES;
				CLANG_WARN_ENUM_CONVERSION = YES;
				CLANG_WARN_INFINITE_RECURSION = YES;
				CLANG_WARN_INT_CONVERSION = YES;
				CLANG_WARN_NON_LITERAL_NULL_CONVERSION = YES;
				CLANG_WARN_OBJC_IMPLICIT_RETAIN_SELF = YES;
				CLANG_WARN_OBJC_LITERAL_CONVERSION = YES;
				CLANG_WARN_OBJC_ROOT_CLASS = YES_ERROR;
				CLANG_WARN_QUOTED_INCLUDE_IN_FRAMEWORK_HEADER = YES;
				CLANG_WARN_RANGE_LOOP_ANALYSIS = YES;
				CLANG_WARN_STRICT_PROTOTYPES = YES;
				CLANG_WARN_SUSPICIOUS_MOVE = YES;
				CLANG_WARN_UNGUARDED_AVAILABILITY = YES_AGGRESSIVE;
				CLANG_WARN_UNREACHABLE_CODE = YES;
				CLANG_WARN__DUPLICATE_METHOD_MATCH = YES;
				COPY_PHASE_STRIP = NO;
				DEBUG_INFORMATION_FORMAT = dwarf;
				ENABLE_APP_SANDBOX = YES;
				ENABLE_STRICT_OBJC_MSGSEND = YES;
				ENABLE_TESTABILITY = YES;
				ENABLE_USER_SCRIPT_SANDBOXING = NO;
				GCC_C_LANGUAGE_STANDARD = gnu11;
				GCC_DYNAMIC_NO_PIC = NO;
				GCC_NO_COMMON_BLOCKS = YES;
				GCC_OPTIMIZATION_LEVEL = 0;
				GCC_PREPROCESSOR_DEFINITIONS = (
					"DEBUG=1",
					"$(inherited)",
				);
				GCC_WARN_64_TO_32_BIT_CONVERSION = YES;
				GCC_WARN_ABOUT_RETURN_TYPE = YES_ERROR;
				GCC_WARN_UNDECLARED_SELECTOR = YES;
				GCC_WARN_UNINITIALIZED_AUTOS = YES_AGGRESSIVE;
				GCC_WARN_UNUSED_FUNCTION = YES;
				GCC_WARN_UNUSED_VARIABLE = YES;
				IPHONEOS_DEPLOYMENT_TARGET = 16.0;
				MTL_ENABLE_DEBUG_INFO = INCLUDE_SOURCE;
				MTL_FAST_MATH = YES;
				ONLY_ACTIVE_ARCH = YES;
				SDKROOT = iphoneos;
				SWIFT_ACTIVE_COMPILATION_CONDITIONS = DEBUG;
				SWIFT_OPTIMIZATION_LEVEL = "-Onone";
			};
			name = Debug;
		};
		29E852282AA08347003F4AF4 /* Release */ = {
			isa = XCBuildConfiguration;
			buildSettings = {
				ALWAYS_SEARCH_USER_PATHS = NO;
				ASSETCATALOG_COMPILER_GENERATE_SWIFT_ASSET_SYMBOL_EXTENSIONS = YES;
				CLANG_ANALYZER_LOCALIZABILITY_NONLOCALIZED = YES;
				CLANG_ANALYZER_NONNULL = YES;
				CLANG_ANALYZER_NUMBER_OBJECT_CONVERSION = YES_AGGRESSIVE;
				CLANG_CXX_LANGUAGE_STANDARD = "gnu++20";
				CLANG_ENABLE_MODULES = YES;
				CLANG_ENABLE_OBJC_ARC = YES;
				CLANG_ENABLE_OBJC_WEAK = YES;
				CLANG_WARN_BLOCK_CAPTURE_AUTORELEASING = YES;
				CLANG_WARN_BOOL_CONVERSION = YES;
				CLANG_WARN_COMMA = YES;
				CLANG_WARN_CONSTANT_CONVERSION = YES;
				CLANG_WARN_DEPRECATED_OBJC_IMPLEMENTATIONS = YES;
				CLANG_WARN_DIRECT_OBJC_ISA_USAGE = YES_ERROR;
				CLANG_WARN_DOCUMENTATION_COMMENTS = YES;
				CLANG_WARN_EMPTY_BODY = YES;
				CLANG_WARN_ENUM_CONVERSION = YES;
				CLANG_WARN_INFINITE_RECURSION = YES;
				CLANG_WARN_INT_CONVERSION = YES;
				CLANG_WARN_NON_LITERAL_NULL_CONVERSION = YES;
				CLANG_WARN_OBJC_IMPLICIT_RETAIN_SELF = YES;
				CLANG_WARN_OBJC_LITERAL_CONVERSION = YES;
				CLANG_WARN_OBJC_ROOT_CLASS = YES_ERROR;
				CLANG_WARN_QUOTED_INCLUDE_IN_FRAMEWORK_HEADER = YES;
				CLANG_WARN_RANGE_LOOP_ANALYSIS = YES;
				CLANG_WARN_STRICT_PROTOTYPES = YES;
				CLANG_WARN_SUSPICIOUS_MOVE = YES;
				CLANG_WARN_UNGUARDED_AVAILABILITY = YES_AGGRESSIVE;
				CLANG_WARN_UNREACHABLE_CODE = YES;
				CLANG_WARN__DUPLICATE_METHOD_MATCH = YES;
				COPY_PHASE_STRIP = NO;
				DEBUG_INFORMATION_FORMAT = "dwarf-with-dsym";
				ENABLE_APP_SANDBOX = YES;
				ENABLE_NS_ASSERTIONS = NO;
				ENABLE_STRICT_OBJC_MSGSEND = YES;
				ENABLE_USER_SCRIPT_SANDBOXING = NO;
				GCC_C_LANGUAGE_STANDARD = gnu11;
				GCC_NO_COMMON_BLOCKS = YES;
				GCC_WARN_64_TO_32_BIT_CONVERSION = YES;
				GCC_WARN_ABOUT_RETURN_TYPE = YES_ERROR;
				GCC_WARN_UNDECLARED_SELECTOR = YES;
				GCC_WARN_UNINITIALIZED_AUTOS = YES_AGGRESSIVE;
				GCC_WARN_UNUSED_FUNCTION = YES;
				GCC_WARN_UNUSED_VARIABLE = YES;
				IPHONEOS_DEPLOYMENT_TARGET = 16.0;
				MTL_ENABLE_DEBUG_INFO = NO;
				MTL_FAST_MATH = YES;
				SDKROOT = iphoneos;
				SWIFT_COMPILATION_MODE = wholemodule;
				SWIFT_OPTIMIZATION_LEVEL = "-O";
				VALIDATE_PRODUCT = YES;
			};
			name = Release;
		};
		29E8522A2AA08347003F4AF4 /* Debug */ = {
			isa = XCBuildConfiguration;
			buildSettings = {
				ASSETCATALOG_COMPILER_APPICON_NAME = AppIcon;
				ASSETCATALOG_COMPILER_GLOBAL_ACCENT_COLOR_NAME = AccentColor;
				CODE_SIGN_STYLE = Automatic;
				CURRENT_PROJECT_VERSION = 1;
				DEVELOPMENT_ASSET_PATHS = "\"Toucher/Preview Content\"";
				DEVELOPMENT_TEAM = 77745NX67K;
				ENABLE_PREVIEWS = YES;
				GENERATE_INFOPLIST_FILE = YES;
				INFOPLIST_KEY_LSApplicationCategoryType = "public.app-category.education";
				INFOPLIST_KEY_UIApplicationSceneManifest_Generation = YES;
				INFOPLIST_KEY_UIApplicationSupportsIndirectInputEvents = YES;
				INFOPLIST_KEY_UILaunchScreen_Generation = YES;
				INFOPLIST_KEY_UISupportedInterfaceOrientations = UIInterfaceOrientationPortrait;
				INFOPLIST_KEY_UISupportedInterfaceOrientations_iPad = "UIInterfaceOrientationLandscapeLeft UIInterfaceOrientationLandscapeRight UIInterfaceOrientationPortrait UIInterfaceOrientationPortraitUpsideDown";
				IPHONEOS_DEPLOYMENT_TARGET = 16.0;
				LD_RUNPATH_SEARCH_PATHS = (
					"$(inherited)",
					"@executable_path/Frameworks",
				);
				MARKETING_VERSION = 1.0;
				PRODUCT_BUNDLE_IDENTIFIER = com.toucher;
				PRODUCT_NAME = "$(TARGET_NAME)";
				SUPPORTED_PLATFORMS = "iphoneos iphonesimulator";
				SUPPORTS_MACCATALYST = NO;
				SUPPORTS_MAC_DESIGNED_FOR_IPHONE_IPAD = NO;
				SWIFT_EMIT_LOC_STRINGS = YES;
				SWIFT_VERSION = 5.0;
				TARGETED_DEVICE_FAMILY = 1;
			};
			name = Debug;
		};
		29E8522B2AA08347003F4AF4 /* Release */ = {
			isa = XCBuildConfiguration;
			buildSettings = {
				ASSETCATALOG_COMPILER_APPICON_NAME = AppIcon;
				ASSETCATALOG_COMPILER_GLOBAL_ACCENT_COLOR_NAME = AccentColor;
				CODE_SIGN_STYLE = Automatic;
				CURRENT_PROJECT_VERSION = 1;
				DEVELOPMENT_ASSET_PATHS = "\"Toucher/Preview Content\"";
				DEVELOPMENT_TEAM = 77745NX67K;
				ENABLE_PREVIEWS = YES;
				GENERATE_INFOPLIST_FILE = YES;
				INFOPLIST_KEY_LSApplicationCategoryType = "public.app-category.education";
				INFOPLIST_KEY_UIApplicationSceneManifest_Generation = YES;
				INFOPLIST_KEY_UIApplicationSupportsIndirectInputEvents = YES;
				INFOPLIST_KEY_UILaunchScreen_Generation = YES;
				INFOPLIST_KEY_UISupportedInterfaceOrientations = UIInterfaceOrientationPortrait;
				INFOPLIST_KEY_UISupportedInterfaceOrientations_iPad = "UIInterfaceOrientationLandscapeLeft UIInterfaceOrientationLandscapeRight UIInterfaceOrientationPortrait UIInterfaceOrientationPortraitUpsideDown";
				IPHONEOS_DEPLOYMENT_TARGET = 16.0;
				LD_RUNPATH_SEARCH_PATHS = (
					"$(inherited)",
					"@executable_path/Frameworks",
				);
				MARKETING_VERSION = 1.0;
				PRODUCT_BUNDLE_IDENTIFIER = com.toucher;
				PRODUCT_NAME = "$(TARGET_NAME)";
				SUPPORTED_PLATFORMS = "iphoneos iphonesimulator";
				SUPPORTS_MACCATALYST = NO;
				SUPPORTS_MAC_DESIGNED_FOR_IPHONE_IPAD = NO;
				SWIFT_EMIT_LOC_STRINGS = YES;
				SWIFT_VERSION = 5.0;
				TARGETED_DEVICE_FAMILY = 1;
			};
			name = Release;
		};
/* End XCBuildConfiguration section */

/* Begin XCConfigurationList section */
		29E852162AA08346003F4AF4 /* Build configuration list for PBXProject "Toucher" */ = {
			isa = XCConfigurationList;
			buildConfigurations = (
				29E852272AA08347003F4AF4 /* Debug */,
				29E852282AA08347003F4AF4 /* Release */,
			);
			defaultConfigurationIsVisible = 0;
			defaultConfigurationName = Release;
		};
		29E852292AA08347003F4AF4 /* Build configuration list for PBXNativeTarget "Toucher" */ = {
			isa = XCConfigurationList;
			buildConfigurations = (
				29E8522A2AA08347003F4AF4 /* Debug */,
				29E8522B2AA08347003F4AF4 /* Release */,
			);
			defaultConfigurationIsVisible = 0;
			defaultConfigurationName = Release;
		};
/* End XCConfigurationList section */

/* Begin XCRemoteSwiftPackageReference section */
		29BCA2E22B5021AB009D6DEF /* XCRemoteSwiftPackageReference "firebase-ios-sdk" */ = {
			isa = XCRemoteSwiftPackageReference;
			repositoryURL = "https://github.com/firebase/firebase-ios-sdk";
			requirement = {
				kind = upToNextMajorVersion;
				minimumVersion = 10.19.1;
			};
		};
/* End XCRemoteSwiftPackageReference section */

/* Begin XCSwiftPackageProductDependency section */
		29BCA2E32B5021AB009D6DEF /* FirebaseAnalytics */ = {
			isa = XCSwiftPackageProductDependency;
			package = 29BCA2E22B5021AB009D6DEF /* XCRemoteSwiftPackageReference "firebase-ios-sdk" */;
			productName = FirebaseAnalytics;
		};
		29BCA2E52B5021AB009D6DEF /* FirebaseAnalyticsOnDeviceConversion */ = {
			isa = XCSwiftPackageProductDependency;
			package = 29BCA2E22B5021AB009D6DEF /* XCRemoteSwiftPackageReference "firebase-ios-sdk" */;
			productName = FirebaseAnalyticsOnDeviceConversion;
		};
		29BCA2E72B5021AB009D6DEF /* FirebaseAnalyticsSwift */ = {
			isa = XCSwiftPackageProductDependency;
			package = 29BCA2E22B5021AB009D6DEF /* XCRemoteSwiftPackageReference "firebase-ios-sdk" */;
			productName = FirebaseAnalyticsSwift;
		};
		29BCA2EF2B5021AB009D6DEF /* FirebaseAuth */ = {
			isa = XCSwiftPackageProductDependency;
			package = 29BCA2E22B5021AB009D6DEF /* XCRemoteSwiftPackageReference "firebase-ios-sdk" */;
			productName = FirebaseAuth;
		};
		29BCA2F12B5021AB009D6DEF /* FirebaseAuthCombine-Community */ = {
			isa = XCSwiftPackageProductDependency;
			package = 29BCA2E22B5021AB009D6DEF /* XCRemoteSwiftPackageReference "firebase-ios-sdk" */;
			productName = "FirebaseAuthCombine-Community";
		};
		29BCA2F32B5021AB009D6DEF /* FirebaseCrashlytics */ = {
			isa = XCSwiftPackageProductDependency;
			package = 29BCA2E22B5021AB009D6DEF /* XCRemoteSwiftPackageReference "firebase-ios-sdk" */;
			productName = FirebaseCrashlytics;
		};
		29BCA2F52B5021AB009D6DEF /* FirebaseDatabase */ = {
			isa = XCSwiftPackageProductDependency;
			package = 29BCA2E22B5021AB009D6DEF /* XCRemoteSwiftPackageReference "firebase-ios-sdk" */;
			productName = FirebaseDatabase;
		};
		29BCA2F72B5021AB009D6DEF /* FirebaseDatabaseSwift */ = {
			isa = XCSwiftPackageProductDependency;
			package = 29BCA2E22B5021AB009D6DEF /* XCRemoteSwiftPackageReference "firebase-ios-sdk" */;
			productName = FirebaseDatabaseSwift;
		};
		29BCA2FB2B5021AB009D6DEF /* FirebaseFirestore */ = {
			isa = XCSwiftPackageProductDependency;
			package = 29BCA2E22B5021AB009D6DEF /* XCRemoteSwiftPackageReference "firebase-ios-sdk" */;
			productName = FirebaseFirestore;
		};
		29BCA2FD2B5021AB009D6DEF /* FirebaseFirestoreCombine-Community */ = {
			isa = XCSwiftPackageProductDependency;
			package = 29BCA2E22B5021AB009D6DEF /* XCRemoteSwiftPackageReference "firebase-ios-sdk" */;
			productName = "FirebaseFirestoreCombine-Community";
		};
		29BCA2FF2B5021AB009D6DEF /* FirebaseFirestoreSwift */ = {
			isa = XCSwiftPackageProductDependency;
			package = 29BCA2E22B5021AB009D6DEF /* XCRemoteSwiftPackageReference "firebase-ios-sdk" */;
			productName = FirebaseFirestoreSwift;
		};
		29BCA3152B5021AB009D6DEF /* FirebaseStorage */ = {
			isa = XCSwiftPackageProductDependency;
			package = 29BCA2E22B5021AB009D6DEF /* XCRemoteSwiftPackageReference "firebase-ios-sdk" */;
			productName = FirebaseStorage;
		};
		29BCA3172B5021AB009D6DEF /* FirebaseStorageCombine-Community */ = {
			isa = XCSwiftPackageProductDependency;
			package = 29BCA2E22B5021AB009D6DEF /* XCRemoteSwiftPackageReference "firebase-ios-sdk" */;
			productName = "FirebaseStorageCombine-Community";
		};
/* End XCSwiftPackageProductDependency section */
	};
	rootObject = 29E852132AA08346003F4AF4 /* Project object */;
}
