// !$*UTF8*$!
{
	archiveVersion = 1;
	classes = {
	};
	objectVersion = 56;
	objects = {

/* Begin PBXBuildFile section */
		29E8521F2AA08346003F4AF4 /* ToucherApp.swift in Sources */ = {isa = PBXBuildFile; fileRef = 29E8521E2AA08346003F4AF4 /* ToucherApp.swift */; };
		29E852212AA08346003F4AF4 /* ContentView.swift in Sources */ = {isa = PBXBuildFile; fileRef = 29E852202AA08346003F4AF4 /* ContentView.swift */; };
		29E852232AA08347003F4AF4 /* Assets.xcassets in Resources */ = {isa = PBXBuildFile; fileRef = 29E852222AA08347003F4AF4 /* Assets.xcassets */; };
		29E852262AA08347003F4AF4 /* Preview Assets.xcassets in Resources */ = {isa = PBXBuildFile; fileRef = 29E852252AA08347003F4AF4 /* Preview Assets.xcassets */; };
		29E852322AA08C16003F4AF4 /* FontExtension.swift in Sources */ = {isa = PBXBuildFile; fileRef = 29E852312AA08C16003F4AF4 /* FontExtension.swift */; };
		29E852342AA08C4E003F4AF4 /* ViewExtension.swift in Sources */ = {isa = PBXBuildFile; fileRef = 29E852332AA08C4E003F4AF4 /* ViewExtension.swift */; };
		29E852372AA08D34003F4AF4 /* MainView.swift in Sources */ = {isa = PBXBuildFile; fileRef = 29E852362AA08D34003F4AF4 /* MainView.swift */; };
		29EAB40C2AA17DAE004E5429 /* .swiftlint.yml in Resources */ = {isa = PBXBuildFile; fileRef = 29EAB40B2AA17DAE004E5429 /* .swiftlint.yml */; };
		29EAB41E2AA62D41004E5429 /* LongTapExampleView.swift in Sources */ = {isa = PBXBuildFile; fileRef = 29EAB41D2AA62D41004E5429 /* LongTapExampleView.swift */; };
		29EAB4202AA62EC2004E5429 /* LongTapPracticeView1.swift in Sources */ = {isa = PBXBuildFile; fileRef = 29EAB41F2AA62EC2004E5429 /* LongTapPracticeView1.swift */; };
		29EAB4222AA62ECD004E5429 /* LongTapPracticeView2.swift in Sources */ = {isa = PBXBuildFile; fileRef = 29EAB4212AA62ECD004E5429 /* LongTapPracticeView2.swift */; };
		29EAB4242AA62FF5004E5429 /* LongTapFinalView.swift in Sources */ = {isa = PBXBuildFile; fileRef = 29EAB4232AA62FF5004E5429 /* LongTapFinalView.swift */; };
/* End PBXBuildFile section */

/* Begin PBXFileReference section */
		29E8521B2AA08346003F4AF4 /* Toucher.app */ = {isa = PBXFileReference; explicitFileType = wrapper.application; includeInIndex = 0; path = Toucher.app; sourceTree = BUILT_PRODUCTS_DIR; };
		29E8521E2AA08346003F4AF4 /* ToucherApp.swift */ = {isa = PBXFileReference; lastKnownFileType = sourcecode.swift; path = ToucherApp.swift; sourceTree = "<group>"; };
		29E852202AA08346003F4AF4 /* ContentView.swift */ = {isa = PBXFileReference; lastKnownFileType = sourcecode.swift; path = ContentView.swift; sourceTree = "<group>"; };
		29E852222AA08347003F4AF4 /* Assets.xcassets */ = {isa = PBXFileReference; lastKnownFileType = folder.assetcatalog; path = Assets.xcassets; sourceTree = "<group>"; };
		29E852252AA08347003F4AF4 /* Preview Assets.xcassets */ = {isa = PBXFileReference; lastKnownFileType = folder.assetcatalog; path = "Preview Assets.xcassets"; sourceTree = "<group>"; };
		29E852312AA08C16003F4AF4 /* FontExtension.swift */ = {isa = PBXFileReference; lastKnownFileType = sourcecode.swift; path = FontExtension.swift; sourceTree = "<group>"; };
		29E852332AA08C4E003F4AF4 /* ViewExtension.swift */ = {isa = PBXFileReference; lastKnownFileType = sourcecode.swift; path = ViewExtension.swift; sourceTree = "<group>"; };
		29E852362AA08D34003F4AF4 /* MainView.swift */ = {isa = PBXFileReference; lastKnownFileType = sourcecode.swift; path = MainView.swift; sourceTree = "<group>"; };
		29EAB40B2AA17DAE004E5429 /* .swiftlint.yml */ = {isa = PBXFileReference; lastKnownFileType = text.yaml; path = .swiftlint.yml; sourceTree = "<group>"; };
		29EAB41D2AA62D41004E5429 /* LongTapExampleView.swift */ = {isa = PBXFileReference; lastKnownFileType = sourcecode.swift; path = LongTapExampleView.swift; sourceTree = "<group>"; };
		29EAB41F2AA62EC2004E5429 /* LongTapPracticeView1.swift */ = {isa = PBXFileReference; lastKnownFileType = sourcecode.swift; path = LongTapPracticeView1.swift; sourceTree = "<group>"; };
		29EAB4212AA62ECD004E5429 /* LongTapPracticeView2.swift */ = {isa = PBXFileReference; lastKnownFileType = sourcecode.swift; path = LongTapPracticeView2.swift; sourceTree = "<group>"; };
		29EAB4232AA62FF5004E5429 /* LongTapFinalView.swift */ = {isa = PBXFileReference; lastKnownFileType = sourcecode.swift; path = LongTapFinalView.swift; sourceTree = "<group>"; };
/* End PBXFileReference section */

/* Begin PBXFrameworksBuildPhase section */
		29E852182AA08346003F4AF4 /* Frameworks */ = {
			isa = PBXFrameworksBuildPhase;
			buildActionMask = 2147483647;
			files = (
			);
			runOnlyForDeploymentPostprocessing = 0;
		};
/* End PBXFrameworksBuildPhase section */

/* Begin PBXGroup section */
		29E852122AA08346003F4AF4 = {
			isa = PBXGroup;
			children = (
				29EAB40B2AA17DAE004E5429 /* .swiftlint.yml */,
				29E8521D2AA08346003F4AF4 /* Toucher */,
				29E8521C2AA08346003F4AF4 /* Products */,
			);
			sourceTree = "<group>";
		};
		29E8521C2AA08346003F4AF4 /* Products */ = {
			isa = PBXGroup;
			children = (
				29E8521B2AA08346003F4AF4 /* Toucher.app */,
			);
			name = Products;
			sourceTree = "<group>";
		};
		29E8521D2AA08346003F4AF4 /* Toucher */ = {
			isa = PBXGroup;
			children = (
				29E8521E2AA08346003F4AF4 /* ToucherApp.swift */,
				29E852202AA08346003F4AF4 /* ContentView.swift */,
				29EAB4082AA1703A004E5429 /* View */,
				29E852302AA08BF6003F4AF4 /* Extension */,
				29E852222AA08347003F4AF4 /* Assets.xcassets */,
				29E852242AA08347003F4AF4 /* Preview Content */,
			);
			path = Toucher;
			sourceTree = "<group>";
		};
		29E852242AA08347003F4AF4 /* Preview Content */ = {
			isa = PBXGroup;
			children = (
				29E852252AA08347003F4AF4 /* Preview Assets.xcassets */,
			);
			path = "Preview Content";
			sourceTree = "<group>";
		};
		29E852302AA08BF6003F4AF4 /* Extension */ = {
			isa = PBXGroup;
			children = (
				29E852312AA08C16003F4AF4 /* FontExtension.swift */,
				29E852332AA08C4E003F4AF4 /* ViewExtension.swift */,
			);
			path = Extension;
			sourceTree = "<group>";
		};
		29E852352AA08D25003F4AF4 /* MainView */ = {
			isa = PBXGroup;
			children = (
				29E852362AA08D34003F4AF4 /* MainView.swift */,
			);
			path = MainView;
			sourceTree = "<group>";
		};
		29EAB4082AA1703A004E5429 /* View */ = {
			isa = PBXGroup;
			children = (
				29E852352AA08D25003F4AF4 /* MainView */,
				29EAB41C2AA62C3F004E5429 /* LongTap */,
			);
			path = View;
			sourceTree = "<group>";
		};
		29EAB41C2AA62C3F004E5429 /* LongTap */ = {
			isa = PBXGroup;
			children = (
				29EAB41D2AA62D41004E5429 /* LongTapExampleView.swift */,
				29EAB41F2AA62EC2004E5429 /* LongTapPracticeView1.swift */,
				29EAB4212AA62ECD004E5429 /* LongTapPracticeView2.swift */,
				29EAB4232AA62FF5004E5429 /* LongTapFinalView.swift */,
			);
			path = LongTap;
			sourceTree = "<group>";
		};
/* End PBXGroup section */

/* Begin PBXNativeTarget section */
		29E8521A2AA08346003F4AF4 /* Toucher */ = {
			isa = PBXNativeTarget;
			buildConfigurationList = 29E852292AA08347003F4AF4 /* Build configuration list for PBXNativeTarget "Toucher" */;
			buildPhases = (
				29EAB40A2AA17D2D004E5429 /* SwiftLint Script */,
				29E852172AA08346003F4AF4 /* Sources */,
				29E852182AA08346003F4AF4 /* Frameworks */,
				29E852192AA08346003F4AF4 /* Resources */,
			);
			buildRules = (
			);
			dependencies = (
			);
			name = Toucher;
			productName = Toucher;
			productReference = 29E8521B2AA08346003F4AF4 /* Toucher.app */;
			productType = "com.apple.product-type.application";
		};
/* End PBXNativeTarget section */

/* Begin PBXProject section */
		29E852132AA08346003F4AF4 /* Project object */ = {
			isa = PBXProject;
			attributes = {
				BuildIndependentTargetsInParallel = 1;
				LastSwiftUpdateCheck = 1430;
				LastUpgradeCheck = 1430;
				TargetAttributes = {
					29E8521A2AA08346003F4AF4 = {
						CreatedOnToolsVersion = 14.3.1;
					};
				};
			};
			buildConfigurationList = 29E852162AA08346003F4AF4 /* Build configuration list for PBXProject "Toucher" */;
			compatibilityVersion = "Xcode 14.0";
			developmentRegion = ko;
			hasScannedForEncodings = 0;
			knownRegions = (
				en,
				Base,
				ko,
			);
			mainGroup = 29E852122AA08346003F4AF4;
			productRefGroup = 29E8521C2AA08346003F4AF4 /* Products */;
			projectDirPath = "";
			projectRoot = "";
			targets = (
				29E8521A2AA08346003F4AF4 /* Toucher */,
			);
		};
/* End PBXProject section */

/* Begin PBXResourcesBuildPhase section */
		29E852192AA08346003F4AF4 /* Resources */ = {
			isa = PBXResourcesBuildPhase;
			buildActionMask = 2147483647;
			files = (
				29EAB40C2AA17DAE004E5429 /* .swiftlint.yml in Resources */,
				29E852262AA08347003F4AF4 /* Preview Assets.xcassets in Resources */,
				29E852232AA08347003F4AF4 /* Assets.xcassets in Resources */,
			);
			runOnlyForDeploymentPostprocessing = 0;
		};
/* End PBXResourcesBuildPhase section */

/* Begin PBXShellScriptBuildPhase section */
		29EAB40A2AA17D2D004E5429 /* SwiftLint Script */ = {
			isa = PBXShellScriptBuildPhase;
			buildActionMask = 2147483647;
			files = (
			);
			inputFileListPaths = (
			);
			inputPaths = (
			);
			name = "SwiftLint Script";
			outputFileListPaths = (
			);
			outputPaths = (
			);
			runOnlyForDeploymentPostprocessing = 0;
			shellPath = /bin/sh;
			shellScript = "export PATH=\"$PATH:/opt/homebrew/bin\"\nif which swiftlint > /dev/null; then\n  swiftlint\nelse\n  echo \"warning: SwiftLint not installed, download from https://github.com/realm/SwiftLint\"\nfi\n";
		};
/* End PBXShellScriptBuildPhase section */

/* Begin PBXSourcesBuildPhase section */
		29E852172AA08346003F4AF4 /* Sources */ = {
			isa = PBXSourcesBuildPhase;
			buildActionMask = 2147483647;
			files = (
				29E852322AA08C16003F4AF4 /* FontExtension.swift in Sources */,
				29E852212AA08346003F4AF4 /* ContentView.swift in Sources */,
				29EAB4242AA62FF5004E5429 /* LongTapFinalView.swift in Sources */,
				29EAB4222AA62ECD004E5429 /* LongTapPracticeView2.swift in Sources */,
				29EAB4202AA62EC2004E5429 /* LongTapPracticeView1.swift in Sources */,
				29E852342AA08C4E003F4AF4 /* ViewExtension.swift in Sources */,
				29E852372AA08D34003F4AF4 /* MainView.swift in Sources */,
				29E8521F2AA08346003F4AF4 /* ToucherApp.swift in Sources */,
				29EAB41E2AA62D41004E5429 /* LongTapExampleView.swift in Sources */,
			);
			runOnlyForDeploymentPostprocessing = 0;
		};
/* End PBXSourcesBuildPhase section */

/* Begin XCBuildConfiguration section */
		29E852272AA08347003F4AF4 /* Debug */ = {
			isa = XCBuildConfiguration;
			buildSettings = {
				ALWAYS_SEARCH_USER_PATHS = NO;
				CLANG_ANALYZER_NONNULL = YES;
				CLANG_ANALYZER_NUMBER_OBJECT_CONVERSION = YES_AGGRESSIVE;
				CLANG_CXX_LANGUAGE_STANDARD = "gnu++20";
				CLANG_ENABLE_MODULES = YES;
				CLANG_ENABLE_OBJC_ARC = YES;
				CLANG_ENABLE_OBJC_WEAK = YES;
				CLANG_WARN_BLOCK_CAPTURE_AUTORELEASING = YES;
				CLANG_WARN_BOOL_CONVERSION = YES;
				CLANG_WARN_COMMA = YES;
				CLANG_WARN_CONSTANT_CONVERSION = YES;
				CLANG_WARN_DEPRECATED_OBJC_IMPLEMENTATIONS = YES;
				CLANG_WARN_DIRECT_OBJC_ISA_USAGE = YES_ERROR;
				CLANG_WARN_DOCUMENTATION_COMMENTS = YES;
				CLANG_WARN_EMPTY_BODY = YES;
				CLANG_WARN_ENUM_CONVERSION = YES;
				CLANG_WARN_INFINITE_RECURSION = YES;
				CLANG_WARN_INT_CONVERSION = YES;
				CLANG_WARN_NON_LITERAL_NULL_CONVERSION = YES;
				CLANG_WARN_OBJC_IMPLICIT_RETAIN_SELF = YES;
				CLANG_WARN_OBJC_LITERAL_CONVERSION = YES;
				CLANG_WARN_OBJC_ROOT_CLASS = YES_ERROR;
				CLANG_WARN_QUOTED_INCLUDE_IN_FRAMEWORK_HEADER = YES;
				CLANG_WARN_RANGE_LOOP_ANALYSIS = YES;
				CLANG_WARN_STRICT_PROTOTYPES = YES;
				CLANG_WARN_SUSPICIOUS_MOVE = YES;
				CLANG_WARN_UNGUARDED_AVAILABILITY = YES_AGGRESSIVE;
				CLANG_WARN_UNREACHABLE_CODE = YES;
				CLANG_WARN__DUPLICATE_METHOD_MATCH = YES;
				COPY_PHASE_STRIP = NO;
				DEBUG_INFORMATION_FORMAT = dwarf;
				ENABLE_STRICT_OBJC_MSGSEND = YES;
				ENABLE_TESTABILITY = YES;
				GCC_C_LANGUAGE_STANDARD = gnu11;
				GCC_DYNAMIC_NO_PIC = NO;
				GCC_NO_COMMON_BLOCKS = YES;
				GCC_OPTIMIZATION_LEVEL = 0;
				GCC_PREPROCESSOR_DEFINITIONS = (
					"DEBUG=1",
					"$(inherited)",
				);
				GCC_WARN_64_TO_32_BIT_CONVERSION = YES;
				GCC_WARN_ABOUT_RETURN_TYPE = YES_ERROR;
				GCC_WARN_UNDECLARED_SELECTOR = YES;
				GCC_WARN_UNINITIALIZED_AUTOS = YES_AGGRESSIVE;
				GCC_WARN_UNUSED_FUNCTION = YES;
				GCC_WARN_UNUSED_VARIABLE = YES;
				IPHONEOS_DEPLOYMENT_TARGET = 16.0;
				MTL_ENABLE_DEBUG_INFO = INCLUDE_SOURCE;
				MTL_FAST_MATH = YES;
				ONLY_ACTIVE_ARCH = YES;
				SDKROOT = iphoneos;
				SWIFT_ACTIVE_COMPILATION_CONDITIONS = DEBUG;
				SWIFT_OPTIMIZATION_LEVEL = "-Onone";
			};
			name = Debug;
		};
		29E852282AA08347003F4AF4 /* Release */ = {
			isa = XCBuildConfiguration;
			buildSettings = {
				ALWAYS_SEARCH_USER_PATHS = NO;
				CLANG_ANALYZER_NONNULL = YES;
				CLANG_ANALYZER_NUMBER_OBJECT_CONVERSION = YES_AGGRESSIVE;
				CLANG_CXX_LANGUAGE_STANDARD = "gnu++20";
				CLANG_ENABLE_MODULES = YES;
				CLANG_ENABLE_OBJC_ARC = YES;
				CLANG_ENABLE_OBJC_WEAK = YES;
				CLANG_WARN_BLOCK_CAPTURE_AUTORELEASING = YES;
				CLANG_WARN_BOOL_CONVERSION = YES;
				CLANG_WARN_COMMA = YES;
				CLANG_WARN_CONSTANT_CONVERSION = YES;
				CLANG_WARN_DEPRECATED_OBJC_IMPLEMENTATIONS = YES;
				CLANG_WARN_DIRECT_OBJC_ISA_USAGE = YES_ERROR;
				CLANG_WARN_DOCUMENTATION_COMMENTS = YES;
				CLANG_WARN_EMPTY_BODY = YES;
				CLANG_WARN_ENUM_CONVERSION = YES;
				CLANG_WARN_INFINITE_RECURSION = YES;
				CLANG_WARN_INT_CONVERSION = YES;
				CLANG_WARN_NON_LITERAL_NULL_CONVERSION = YES;
				CLANG_WARN_OBJC_IMPLICIT_RETAIN_SELF = YES;
				CLANG_WARN_OBJC_LITERAL_CONVERSION = YES;
				CLANG_WARN_OBJC_ROOT_CLASS = YES_ERROR;
				CLANG_WARN_QUOTED_INCLUDE_IN_FRAMEWORK_HEADER = YES;
				CLANG_WARN_RANGE_LOOP_ANALYSIS = YES;
				CLANG_WARN_STRICT_PROTOTYPES = YES;
				CLANG_WARN_SUSPICIOUS_MOVE = YES;
				CLANG_WARN_UNGUARDED_AVAILABILITY = YES_AGGRESSIVE;
				CLANG_WARN_UNREACHABLE_CODE = YES;
				CLANG_WARN__DUPLICATE_METHOD_MATCH = YES;
				COPY_PHASE_STRIP = NO;
				DEBUG_INFORMATION_FORMAT = "dwarf-with-dsym";
				ENABLE_NS_ASSERTIONS = NO;
				ENABLE_STRICT_OBJC_MSGSEND = YES;
				GCC_C_LANGUAGE_STANDARD = gnu11;
				GCC_NO_COMMON_BLOCKS = YES;
				GCC_WARN_64_TO_32_BIT_CONVERSION = YES;
				GCC_WARN_ABOUT_RETURN_TYPE = YES_ERROR;
				GCC_WARN_UNDECLARED_SELECTOR = YES;
				GCC_WARN_UNINITIALIZED_AUTOS = YES_AGGRESSIVE;
				GCC_WARN_UNUSED_FUNCTION = YES;
				GCC_WARN_UNUSED_VARIABLE = YES;
				IPHONEOS_DEPLOYMENT_TARGET = 16.0;
				MTL_ENABLE_DEBUG_INFO = NO;
				MTL_FAST_MATH = YES;
				SDKROOT = iphoneos;
				SWIFT_COMPILATION_MODE = wholemodule;
				SWIFT_OPTIMIZATION_LEVEL = "-O";
				VALIDATE_PRODUCT = YES;
			};
			name = Release;
		};
		29E8522A2AA08347003F4AF4 /* Debug */ = {
			isa = XCBuildConfiguration;
			buildSettings = {
				ASSETCATALOG_COMPILER_APPICON_NAME = AppIcon;
				ASSETCATALOG_COMPILER_GLOBAL_ACCENT_COLOR_NAME = AccentColor;
				CODE_SIGN_STYLE = Automatic;
				CURRENT_PROJECT_VERSION = 1;
				DEVELOPMENT_ASSET_PATHS = "\"Toucher/Preview Content\"";
				DEVELOPMENT_TEAM = 77745NX67K;
				ENABLE_PREVIEWS = YES;
				GENERATE_INFOPLIST_FILE = YES;
				INFOPLIST_KEY_LSApplicationCategoryType = "public.app-category.education";
				INFOPLIST_KEY_UIApplicationSceneManifest_Generation = YES;
				INFOPLIST_KEY_UIApplicationSupportsIndirectInputEvents = YES;
				INFOPLIST_KEY_UILaunchScreen_Generation = YES;
				INFOPLIST_KEY_UISupportedInterfaceOrientations = UIInterfaceOrientationPortrait;
				INFOPLIST_KEY_UISupportedInterfaceOrientations_iPad = "UIInterfaceOrientationLandscapeLeft UIInterfaceOrientationLandscapeRight UIInterfaceOrientationPortrait UIInterfaceOrientationPortraitUpsideDown";
				IPHONEOS_DEPLOYMENT_TARGET = 16.0;
				LD_RUNPATH_SEARCH_PATHS = (
					"$(inherited)",
					"@executable_path/Frameworks",
				);
				MARKETING_VERSION = 1.0;
				PRODUCT_BUNDLE_IDENTIFIER = com.ToucherTeam.Toucher;
				PRODUCT_NAME = "$(TARGET_NAME)";
				SUPPORTED_PLATFORMS = "iphoneos iphonesimulator";
				SUPPORTS_MACCATALYST = NO;
				SUPPORTS_MAC_DESIGNED_FOR_IPHONE_IPAD = NO;
				SWIFT_EMIT_LOC_STRINGS = YES;
				SWIFT_VERSION = 5.0;
				TARGETED_DEVICE_FAMILY = 1;
			};
			name = Debug;
		};
		29E8522B2AA08347003F4AF4 /* Release */ = {
			isa = XCBuildConfiguration;
			buildSettings = {
				ASSETCATALOG_COMPILER_APPICON_NAME = AppIcon;
				ASSETCATALOG_COMPILER_GLOBAL_ACCENT_COLOR_NAME = AccentColor;
				CODE_SIGN_STYLE = Automatic;
				CURRENT_PROJECT_VERSION = 1;
				DEVELOPMENT_ASSET_PATHS = "\"Toucher/Preview Content\"";
				DEVELOPMENT_TEAM = 77745NX67K;
				ENABLE_PREVIEWS = YES;
				GENERATE_INFOPLIST_FILE = YES;
				INFOPLIST_KEY_LSApplicationCategoryType = "public.app-category.education";
				INFOPLIST_KEY_UIApplicationSceneManifest_Generation = YES;
				INFOPLIST_KEY_UIApplicationSupportsIndirectInputEvents = YES;
				INFOPLIST_KEY_UILaunchScreen_Generation = YES;
				INFOPLIST_KEY_UISupportedInterfaceOrientations = UIInterfaceOrientationPortrait;
				INFOPLIST_KEY_UISupportedInterfaceOrientations_iPad = "UIInterfaceOrientationLandscapeLeft UIInterfaceOrientationLandscapeRight UIInterfaceOrientationPortrait UIInterfaceOrientationPortraitUpsideDown";
				IPHONEOS_DEPLOYMENT_TARGET = 16.0;
				LD_RUNPATH_SEARCH_PATHS = (
					"$(inherited)",
					"@executable_path/Frameworks",
				);
				MARKETING_VERSION = 1.0;
				PRODUCT_BUNDLE_IDENTIFIER = com.ToucherTeam.Toucher;
				PRODUCT_NAME = "$(TARGET_NAME)";
				SUPPORTED_PLATFORMS = "iphoneos iphonesimulator";
				SUPPORTS_MACCATALYST = NO;
				SUPPORTS_MAC_DESIGNED_FOR_IPHONE_IPAD = NO;
				SWIFT_EMIT_LOC_STRINGS = YES;
				SWIFT_VERSION = 5.0;
				TARGETED_DEVICE_FAMILY = 1;
			};
			name = Release;
		};
/* End XCBuildConfiguration section */

/* Begin XCConfigurationList section */
		29E852162AA08346003F4AF4 /* Build configuration list for PBXProject "Toucher" */ = {
			isa = XCConfigurationList;
			buildConfigurations = (
				29E852272AA08347003F4AF4 /* Debug */,
				29E852282AA08347003F4AF4 /* Release */,
			);
			defaultConfigurationIsVisible = 0;
			defaultConfigurationName = Release;
		};
		29E852292AA08347003F4AF4 /* Build configuration list for PBXNativeTarget "Toucher" */ = {
			isa = XCConfigurationList;
			buildConfigurations = (
				29E8522A2AA08347003F4AF4 /* Debug */,
				29E8522B2AA08347003F4AF4 /* Release */,
			);
			defaultConfigurationIsVisible = 0;
			defaultConfigurationName = Release;
		};
/* End XCConfigurationList section */
	};
	rootObject = 29E852132AA08346003F4AF4 /* Project object */;
}
